// !$*UTF8*$!
{
	archiveVersion = 1;
	classes = {
	};
	objectVersion = 55;
	objects = {

/* Begin PBXBuildFile section */
		9A12B27328F8B45F00D99D67 /* GoogleService-Info.plist in Resources */ = {isa = PBXBuildFile; fileRef = 9A12B27228F8B45F00D99D67 /* GoogleService-Info.plist */; };
		9A12B27528F8C70900D99D67 /* CachingService.swift in Sources */ = {isa = PBXBuildFile; fileRef = 9A12B27428F8C70900D99D67 /* CachingService.swift */; };
		9A12B27928F8C99100D99D67 /* VerifyPhoneNumberVCDelegates.swift in Sources */ = {isa = PBXBuildFile; fileRef = 9A12B27828F8C99100D99D67 /* VerifyPhoneNumberVCDelegates.swift */; };
		9A12B28028F9BDB300D99D67 /* SettingsViewModel.swift in Sources */ = {isa = PBXBuildFile; fileRef = 9A12B27F28F9BDB300D99D67 /* SettingsViewModel.swift */; };
		9A12B28228F9BDC100D99D67 /* SettingsView.swift in Sources */ = {isa = PBXBuildFile; fileRef = 9A12B28128F9BDC100D99D67 /* SettingsView.swift */; };
		9A12B28428F9BDD600D99D67 /* SettingsVC.swift in Sources */ = {isa = PBXBuildFile; fileRef = 9A12B28328F9BDD600D99D67 /* SettingsVC.swift */; };
		9A12B28628F9BDE800D99D67 /* AlarmVC.swift in Sources */ = {isa = PBXBuildFile; fileRef = 9A12B28528F9BDE800D99D67 /* AlarmVC.swift */; };
		9A12B28928F9BDFD00D99D67 /* AlarmView.swift in Sources */ = {isa = PBXBuildFile; fileRef = 9A12B28828F9BDFD00D99D67 /* AlarmView.swift */; };
		9A12B28B28F9BE0C00D99D67 /* AlarmViewModel.swift in Sources */ = {isa = PBXBuildFile; fileRef = 9A12B28A28F9BE0C00D99D67 /* AlarmViewModel.swift */; };
		9A12B28D28F9BE5000D99D67 /* ProfileViewModel.swift in Sources */ = {isa = PBXBuildFile; fileRef = 9A12B28C28F9BE5000D99D67 /* ProfileViewModel.swift */; };
		9A12B29028F9BE6400D99D67 /* ProfileView.swift in Sources */ = {isa = PBXBuildFile; fileRef = 9A12B28F28F9BE6400D99D67 /* ProfileView.swift */; };
		9A12B29228F9BE7100D99D67 /* ProfileVC.swift in Sources */ = {isa = PBXBuildFile; fileRef = 9A12B29128F9BE7100D99D67 /* ProfileVC.swift */; };
		9A413D2A28EC9ADC00D67D0C /* GetStartedVC.swift in Sources */ = {isa = PBXBuildFile; fileRef = 9A413D2928EC9ADC00D67D0C /* GetStartedVC.swift */; };
		9A413D2C28EC9AEA00D67D0C /* GetStartedView.swift in Sources */ = {isa = PBXBuildFile; fileRef = 9A413D2B28EC9AEA00D67D0C /* GetStartedView.swift */; };
		9A413D2E28EC9AF400D67D0C /* GetStartedViewModel.swift in Sources */ = {isa = PBXBuildFile; fileRef = 9A413D2D28EC9AF400D67D0C /* GetStartedViewModel.swift */; };
		9A413D3228EC9B2D00D67D0C /* BaseViewController.swift in Sources */ = {isa = PBXBuildFile; fileRef = 9A413D3128EC9B2D00D67D0C /* BaseViewController.swift */; };
		9A413D3428EC9FE600D67D0C /* GetStartedVCDelegates.swift in Sources */ = {isa = PBXBuildFile; fileRef = 9A413D3328EC9FE600D67D0C /* GetStartedVCDelegates.swift */; };
		9A413D3728ECA87A00D67D0C /* Net-Proxima-Nova-Bold.otf in Resources */ = {isa = PBXBuildFile; fileRef = 9A413D3628ECA87A00D67D0C /* Net-Proxima-Nova-Bold.otf */; };
		9A413D3A28ECACCA00D67D0C /* BaseView.swift in Sources */ = {isa = PBXBuildFile; fileRef = 9A413D3928ECACCA00D67D0C /* BaseView.swift */; };
		9A413D3D28ECC1D600D67D0C /* extension+UIViewController.swift in Sources */ = {isa = PBXBuildFile; fileRef = 9A413D3C28ECC1D600D67D0C /* extension+UIViewController.swift */; };
		9A413D3F28ECCFA100D67D0C /* EnterPhoneNumberViewModel.swift in Sources */ = {isa = PBXBuildFile; fileRef = 9A413D3E28ECCFA100D67D0C /* EnterPhoneNumberViewModel.swift */; };
		9A413D4128ECCFA700D67D0C /* EnterPhoneNumberVC.swift in Sources */ = {isa = PBXBuildFile; fileRef = 9A413D4028ECCFA700D67D0C /* EnterPhoneNumberVC.swift */; };
		9A413D4328ECD06F00D67D0C /* EnterPhoneNumberView.swift in Sources */ = {isa = PBXBuildFile; fileRef = 9A413D4228ECD06F00D67D0C /* EnterPhoneNumberView.swift */; };
		9A413D4528ECD58E00D67D0C /* SF-Pro-Text-Regular.otf in Resources */ = {isa = PBXBuildFile; fileRef = 9A413D4428ECD58E00D67D0C /* SF-Pro-Text-Regular.otf */; };
		9A413D4728ECD5AF00D67D0C /* SF-Pro-Text-Semibold.otf in Resources */ = {isa = PBXBuildFile; fileRef = 9A413D4628ECD5AF00D67D0C /* SF-Pro-Text-Semibold.otf */; };
		9A413D4A28ECE17300D67D0C /* VerifyPhoneNumberView.swift in Sources */ = {isa = PBXBuildFile; fileRef = 9A413D4928ECE17300D67D0C /* VerifyPhoneNumberView.swift */; };
		9A413D4C28ECE17F00D67D0C /* VerifyPhoneNumberVC.swift in Sources */ = {isa = PBXBuildFile; fileRef = 9A413D4B28ECE17F00D67D0C /* VerifyPhoneNumberVC.swift */; };
		9A413D4E28ECE19F00D67D0C /* VerifyPhoneNumberViewModel.swift in Sources */ = {isa = PBXBuildFile; fileRef = 9A413D4D28ECE19F00D67D0C /* VerifyPhoneNumberViewModel.swift */; };
		9A413D5128ECE4CD00D67D0C /* VerificationTextField.swift in Sources */ = {isa = PBXBuildFile; fileRef = 9A413D5028ECE4CD00D67D0C /* VerificationTextField.swift */; };
		9A413D5428ED2C5F00D67D0C /* PhoneNumberKit in Frameworks */ = {isa = PBXBuildFile; productRef = 9A413D5328ED2C5F00D67D0C /* PhoneNumberKit */; };
		9A413D5728ED2CB400D67D0C /* USTextField.swift in Sources */ = {isa = PBXBuildFile; fileRef = 9A413D5628ED2CB400D67D0C /* USTextField.swift */; };
		9A413D5928ED33AF00D67D0C /* EnterPhoneNumberVCDelegates.swift in Sources */ = {isa = PBXBuildFile; fileRef = 9A413D5828ED33AF00D67D0C /* EnterPhoneNumberVCDelegates.swift */; };
		9A413D5B28ED3BF400D67D0C /* EnterBirthdayViewModel.swift in Sources */ = {isa = PBXBuildFile; fileRef = 9A413D5A28ED3BF400D67D0C /* EnterBirthdayViewModel.swift */; };
		9A413D5D28ED3C0300D67D0C /* EnterBirthdayView.swift in Sources */ = {isa = PBXBuildFile; fileRef = 9A413D5C28ED3C0300D67D0C /* EnterBirthdayView.swift */; };
		9A413D5F28ED3C4F00D67D0C /* EnterBirthdayVC.swift in Sources */ = {isa = PBXBuildFile; fileRef = 9A413D5E28ED3C4F00D67D0C /* EnterBirthdayVC.swift */; };
		9A413D6528ED3DCE00D67D0C /* OnboardingOrangeBar.swift in Sources */ = {isa = PBXBuildFile; fileRef = 9A413D6428ED3DCE00D67D0C /* OnboardingOrangeBar.swift */; };
		9A413D6828ED483100D67D0C /* EnterNameVC.swift in Sources */ = {isa = PBXBuildFile; fileRef = 9A413D6728ED483100D67D0C /* EnterNameVC.swift */; };
		9A413D6A28ED485A00D67D0C /* EnterNameViewModel.swift in Sources */ = {isa = PBXBuildFile; fileRef = 9A413D6928ED485A00D67D0C /* EnterNameViewModel.swift */; };
		9A413D6D28ED488800D67D0C /* EnterNameView.swift in Sources */ = {isa = PBXBuildFile; fileRef = 9A413D6C28ED488800D67D0C /* EnterNameView.swift */; };
		9A450CBD28F5DF700017167D /* EnterBirthdayVCDelegates.swift in Sources */ = {isa = PBXBuildFile; fileRef = 9A450CBC28F5DF700017167D /* EnterBirthdayVCDelegates.swift */; };
		9A450CBF28F5E9960017167D /* MotivationStyleVCDelegates.swift in Sources */ = {isa = PBXBuildFile; fileRef = 9A450CBE28F5E9960017167D /* MotivationStyleVCDelegates.swift */; };
		9A450CC128F5F3980017167D /* FirstAlarmVCDelegates.swift in Sources */ = {isa = PBXBuildFile; fileRef = 9A450CC028F5F3980017167D /* FirstAlarmVCDelegates.swift */; };
		9A450CC428F6014B0017167D /* AddMotivationViewModel.swift in Sources */ = {isa = PBXBuildFile; fileRef = 9A450CC328F6014B0017167D /* AddMotivationViewModel.swift */; };
		9A450CC628F6016F0017167D /* AddMotivationVC.swift in Sources */ = {isa = PBXBuildFile; fileRef = 9A450CC528F6016F0017167D /* AddMotivationVC.swift */; };
		9A450CC828F601890017167D /* AddMotivationView.swift in Sources */ = {isa = PBXBuildFile; fileRef = 9A450CC728F601890017167D /* AddMotivationView.swift */; };
		9A450CCF28F60B410017167D /* BaseMotivationImageView.swift in Sources */ = {isa = PBXBuildFile; fileRef = 9A450CCE28F60B410017167D /* BaseMotivationImageView.swift */; };
		9A450CD128F611080017167D /* AddMotivitionDelegates.swift in Sources */ = {isa = PBXBuildFile; fileRef = 9A450CD028F611080017167D /* AddMotivitionDelegates.swift */; };
		9A5EC135290769AC0015744D /* NewAlarmFooterView.swift in Sources */ = {isa = PBXBuildFile; fileRef = 9A5EC134290769AC0015744D /* NewAlarmFooterView.swift */; };
		9A5EC137290769C10015744D /* NoAlarmsHeaderView.swift in Sources */ = {isa = PBXBuildFile; fileRef = 9A5EC136290769C10015744D /* NoAlarmsHeaderView.swift */; };
		9A5EC1392907715D0015744D /* AlarmCell.swift in Sources */ = {isa = PBXBuildFile; fileRef = 9A5EC1382907715D0015744D /* AlarmCell.swift */; };
		9A5EC13B290778620015744D /* AlarmVCDelegates.swift in Sources */ = {isa = PBXBuildFile; fileRef = 9A5EC13A290778620015744D /* AlarmVCDelegates.swift */; };
		9A64E7BF28FF109E006DA4CA /* User.swift in Sources */ = {isa = PBXBuildFile; fileRef = 9A64E7BE28FF109E006DA4CA /* User.swift */; };
		9A64E7C228FF1383006DA4CA /* ProfileService.swift in Sources */ = {isa = PBXBuildFile; fileRef = 9A64E7C128FF1383006DA4CA /* ProfileService.swift */; };
		9A64E7C428FF3B95006DA4CA /* extension+Double.swift in Sources */ = {isa = PBXBuildFile; fileRef = 9A64E7C328FF3B95006DA4CA /* extension+Double.swift */; };
		9A64E7C628FF4107006DA4CA /* SleepStyle.swift in Sources */ = {isa = PBXBuildFile; fileRef = 9A64E7C528FF4107006DA4CA /* SleepStyle.swift */; };
		9A64E7C828FF42CE006DA4CA /* MotivationStyle.swift in Sources */ = {isa = PBXBuildFile; fileRef = 9A64E7C728FF42CE006DA4CA /* MotivationStyle.swift */; };
		9A64E7CA28FF4760006DA4CA /* ProfileVCDelegates.swift in Sources */ = {isa = PBXBuildFile; fileRef = 9A64E7C928FF4760006DA4CA /* ProfileVCDelegates.swift */; };
		9A64E7CD28FF8A3B006DA4CA /* Observers.swift in Sources */ = {isa = PBXBuildFile; fileRef = 9A64E7CC28FF8A3B006DA4CA /* Observers.swift */; };
		9A77148428F8832100F8C2F1 /* FirebaseAnalytics in Frameworks */ = {isa = PBXBuildFile; productRef = 9A77148328F8832100F8C2F1 /* FirebaseAnalytics */; };
		9A77148628F8832100F8C2F1 /* FirebaseAuth in Frameworks */ = {isa = PBXBuildFile; productRef = 9A77148528F8832100F8C2F1 /* FirebaseAuth */; };
		9A77148828F8832100F8C2F1 /* FirebaseFirestore in Frameworks */ = {isa = PBXBuildFile; productRef = 9A77148728F8832100F8C2F1 /* FirebaseFirestore */; };
		9A77148A28F8854700F8C2F1 /* OnboardingService.swift in Sources */ = {isa = PBXBuildFile; fileRef = 9A77148928F8854700F8C2F1 /* OnboardingService.swift */; };
		9A89EEFB28EF6A000087A73D /* EnterNameDelegates.swift in Sources */ = {isa = PBXBuildFile; fileRef = 9A89EEFA28EF6A000087A73D /* EnterNameDelegates.swift */; };
		9A89EEFE28EF6EB90087A73D /* PermissionsView.swift in Sources */ = {isa = PBXBuildFile; fileRef = 9A89EEFD28EF6EB90087A73D /* PermissionsView.swift */; };
		9A89EF0028EF6EC40087A73D /* PersmissionsVC.swift in Sources */ = {isa = PBXBuildFile; fileRef = 9A89EEFF28EF6EC40087A73D /* PersmissionsVC.swift */; };
		9A89EF0228EF6ED00087A73D /* PermissionsViewModel.swift in Sources */ = {isa = PBXBuildFile; fileRef = 9A89EF0128EF6ED00087A73D /* PermissionsViewModel.swift */; };
		9A89EF0428EF72D50087A73D /* PermissionsVCDelegates.swift in Sources */ = {isa = PBXBuildFile; fileRef = 9A89EF0328EF72D50087A73D /* PermissionsVCDelegates.swift */; };
		9A89EF0728EF76D70087A73D /* SleepStyleViewModel.swift in Sources */ = {isa = PBXBuildFile; fileRef = 9A89EF0628EF76D70087A73D /* SleepStyleViewModel.swift */; };
		9A89EF0928EF77830087A73D /* SleepStyleVCDelegates.swift in Sources */ = {isa = PBXBuildFile; fileRef = 9A89EF0828EF77830087A73D /* SleepStyleVCDelegates.swift */; };
		9A89EF0B28EF77930087A73D /* SleepStyleVC.swift in Sources */ = {isa = PBXBuildFile; fileRef = 9A89EF0A28EF77930087A73D /* SleepStyleVC.swift */; };
		9A89EF0D28EF77A20087A73D /* SleepStyleView.swift in Sources */ = {isa = PBXBuildFile; fileRef = 9A89EF0C28EF77A20087A73D /* SleepStyleView.swift */; };
		9A89EF0F28EF79600087A73D /* SleepStyleCell.swift in Sources */ = {isa = PBXBuildFile; fileRef = 9A89EF0E28EF79600087A73D /* SleepStyleCell.swift */; };
		9A89EF1128EFC6920087A73D /* MotivationStyleVC.swift in Sources */ = {isa = PBXBuildFile; fileRef = 9A89EF1028EFC6920087A73D /* MotivationStyleVC.swift */; };
		9A89EF1328EFC6B50087A73D /* MotivationStyleViewModel.swift in Sources */ = {isa = PBXBuildFile; fileRef = 9A89EF1228EFC6B50087A73D /* MotivationStyleViewModel.swift */; };
		9A89EF1628EFC6D40087A73D /* MotivationStyleView.swift in Sources */ = {isa = PBXBuildFile; fileRef = 9A89EF1528EFC6D40087A73D /* MotivationStyleView.swift */; };
		9A89EF1828EFC8B10087A73D /* MotivationStyleCell.swift in Sources */ = {isa = PBXBuildFile; fileRef = 9A89EF1728EFC8B10087A73D /* MotivationStyleCell.swift */; };
		9A89EF1C28F0AC8F0087A73D /* FirstAlarmVC.swift in Sources */ = {isa = PBXBuildFile; fileRef = 9A89EF1B28F0AC8E0087A73D /* FirstAlarmVC.swift */; };
		9A89EF1E28F0AC9C0087A73D /* FirstAlarmView.swift in Sources */ = {isa = PBXBuildFile; fileRef = 9A89EF1D28F0AC9C0087A73D /* FirstAlarmView.swift */; };
		9A89EF2028F0ACA80087A73D /* FirstAlarmViewModel.swift in Sources */ = {isa = PBXBuildFile; fileRef = 9A89EF1F28F0ACA80087A73D /* FirstAlarmViewModel.swift */; };
		9A96D0ED2908543C00495C50 /* SetAlarmViewModel.swift in Sources */ = {isa = PBXBuildFile; fileRef = 9A96D0EC2908543C00495C50 /* SetAlarmViewModel.swift */; };
		9A96D0EF2908544E00495C50 /* SetAlarmVC.swift in Sources */ = {isa = PBXBuildFile; fileRef = 9A96D0EE2908544E00495C50 /* SetAlarmVC.swift */; };
		9A96D0F22908546300495C50 /* SetAlarmView.swift in Sources */ = {isa = PBXBuildFile; fileRef = 9A96D0F12908546300495C50 /* SetAlarmView.swift */; };
		9A96D0F42908601B00495C50 /* SetAlarmVCDelegates.swift in Sources */ = {isa = PBXBuildFile; fileRef = 9A96D0F32908601B00495C50 /* SetAlarmVCDelegates.swift */; };
		9A96D0F62908722D00495C50 /* AlarmService.swift in Sources */ = {isa = PBXBuildFile; fileRef = 9A96D0F52908722D00495C50 /* AlarmService.swift */; };
		9A96D0F92908775C00495C50 /* Alarm.swift in Sources */ = {isa = PBXBuildFile; fileRef = 9A96D0F82908775C00495C50 /* Alarm.swift */; };
		9A96D0FB2909B13A00495C50 /* extension+String.swift in Sources */ = {isa = PBXBuildFile; fileRef = 9A96D0FA2909B13A00495C50 /* extension+String.swift */; };
		9A96D0FE290A245700495C50 /* ViewAlarmViewModel.swift in Sources */ = {isa = PBXBuildFile; fileRef = 9A96D0FD290A245700495C50 /* ViewAlarmViewModel.swift */; };
		9A96D101290A249000495C50 /* ViewAlarmView.swift in Sources */ = {isa = PBXBuildFile; fileRef = 9A96D100290A249000495C50 /* ViewAlarmView.swift */; };
		9A96D103290A24BF00495C50 /* ViewAlarmVC.swift in Sources */ = {isa = PBXBuildFile; fileRef = 9A96D102290A24BF00495C50 /* ViewAlarmVC.swift */; };
		9A96D105290A268E00495C50 /* ViewMotivationPhotoCell.swift in Sources */ = {isa = PBXBuildFile; fileRef = 9A96D104290A268E00495C50 /* ViewMotivationPhotoCell.swift */; };
		9A96D107290A303000495C50 /* ViewAlarmVCDelegates.swift in Sources */ = {isa = PBXBuildFile; fileRef = 9A96D106290A303000495C50 /* ViewAlarmVCDelegates.swift */; };
		9A96D10A290B349500495C50 /* PaddingTextField.swift in Sources */ = {isa = PBXBuildFile; fileRef = 9A96D109290B349500495C50 /* PaddingTextField.swift */; };
		9AC9C4F228EB9159003EEE6B /* AppDelegate.swift in Sources */ = {isa = PBXBuildFile; fileRef = 9AC9C4F128EB9159003EEE6B /* AppDelegate.swift */; };
		9AC9C4F428EB9159003EEE6B /* SceneDelegate.swift in Sources */ = {isa = PBXBuildFile; fileRef = 9AC9C4F328EB9159003EEE6B /* SceneDelegate.swift */; };
		9AC9C4F928EB9159003EEE6B /* Main.storyboard in Resources */ = {isa = PBXBuildFile; fileRef = 9AC9C4F728EB9159003EEE6B /* Main.storyboard */; };
		9AC9C4FB28EB915A003EEE6B /* Assets.xcassets in Resources */ = {isa = PBXBuildFile; fileRef = 9AC9C4FA28EB915A003EEE6B /* Assets.xcassets */; };
		9AC9C4FE28EB915A003EEE6B /* LaunchScreen.storyboard in Resources */ = {isa = PBXBuildFile; fileRef = 9AC9C4FC28EB915A003EEE6B /* LaunchScreen.storyboard */; };
		9AC9C50F28EB922C003EEE6B /* AppCoordinator.swift in Sources */ = {isa = PBXBuildFile; fileRef = 9AC9C50E28EB922C003EEE6B /* AppCoordinator.swift */; };
		9AC9C51928EB952D003EEE6B /* OnboardingCoordinator.swift in Sources */ = {isa = PBXBuildFile; fileRef = 9AC9C51828EB952D003EEE6B /* OnboardingCoordinator.swift */; };
		9AC9C51B28EB9540003EEE6B /* TabCoordinator.swift in Sources */ = {isa = PBXBuildFile; fileRef = 9AC9C51A28EB9540003EEE6B /* TabCoordinator.swift */; };
		9AF478AB28FDD852002DF3B4 /* SettingsVCDelegates.swift in Sources */ = {isa = PBXBuildFile; fileRef = 9AF478AA28FDD852002DF3B4 /* SettingsVCDelegates.swift */; };
/* End PBXBuildFile section */

/* Begin PBXFileReference section */
		9A12B27228F8B45F00D99D67 /* GoogleService-Info.plist */ = {isa = PBXFileReference; fileEncoding = 4; lastKnownFileType = text.plist.xml; path = "GoogleService-Info.plist"; sourceTree = "<group>"; };
		9A12B27428F8C70900D99D67 /* CachingService.swift */ = {isa = PBXFileReference; lastKnownFileType = sourcecode.swift; path = CachingService.swift; sourceTree = "<group>"; };
		9A12B27828F8C99100D99D67 /* VerifyPhoneNumberVCDelegates.swift */ = {isa = PBXFileReference; lastKnownFileType = sourcecode.swift; path = VerifyPhoneNumberVCDelegates.swift; sourceTree = "<group>"; };
		9A12B27F28F9BDB300D99D67 /* SettingsViewModel.swift */ = {isa = PBXFileReference; lastKnownFileType = sourcecode.swift; path = SettingsViewModel.swift; sourceTree = "<group>"; };
		9A12B28128F9BDC100D99D67 /* SettingsView.swift */ = {isa = PBXFileReference; lastKnownFileType = sourcecode.swift; path = SettingsView.swift; sourceTree = "<group>"; };
		9A12B28328F9BDD600D99D67 /* SettingsVC.swift */ = {isa = PBXFileReference; lastKnownFileType = sourcecode.swift; path = SettingsVC.swift; sourceTree = "<group>"; };
		9A12B28528F9BDE800D99D67 /* AlarmVC.swift */ = {isa = PBXFileReference; lastKnownFileType = sourcecode.swift; path = AlarmVC.swift; sourceTree = "<group>"; };
		9A12B28828F9BDFD00D99D67 /* AlarmView.swift */ = {isa = PBXFileReference; lastKnownFileType = sourcecode.swift; path = AlarmView.swift; sourceTree = "<group>"; };
		9A12B28A28F9BE0C00D99D67 /* AlarmViewModel.swift */ = {isa = PBXFileReference; lastKnownFileType = sourcecode.swift; path = AlarmViewModel.swift; sourceTree = "<group>"; };
		9A12B28C28F9BE5000D99D67 /* ProfileViewModel.swift */ = {isa = PBXFileReference; lastKnownFileType = sourcecode.swift; path = ProfileViewModel.swift; sourceTree = "<group>"; };
		9A12B28F28F9BE6400D99D67 /* ProfileView.swift */ = {isa = PBXFileReference; lastKnownFileType = sourcecode.swift; path = ProfileView.swift; sourceTree = "<group>"; };
		9A12B29128F9BE7100D99D67 /* ProfileVC.swift */ = {isa = PBXFileReference; lastKnownFileType = sourcecode.swift; path = ProfileVC.swift; sourceTree = "<group>"; };
		9A413D2928EC9ADC00D67D0C /* GetStartedVC.swift */ = {isa = PBXFileReference; lastKnownFileType = sourcecode.swift; path = GetStartedVC.swift; sourceTree = "<group>"; };
		9A413D2B28EC9AEA00D67D0C /* GetStartedView.swift */ = {isa = PBXFileReference; lastKnownFileType = sourcecode.swift; path = GetStartedView.swift; sourceTree = "<group>"; };
		9A413D2D28EC9AF400D67D0C /* GetStartedViewModel.swift */ = {isa = PBXFileReference; lastKnownFileType = sourcecode.swift; path = GetStartedViewModel.swift; sourceTree = "<group>"; };
		9A413D3128EC9B2D00D67D0C /* BaseViewController.swift */ = {isa = PBXFileReference; lastKnownFileType = sourcecode.swift; path = BaseViewController.swift; sourceTree = "<group>"; };
		9A413D3328EC9FE600D67D0C /* GetStartedVCDelegates.swift */ = {isa = PBXFileReference; lastKnownFileType = sourcecode.swift; path = GetStartedVCDelegates.swift; sourceTree = "<group>"; };
		9A413D3628ECA87A00D67D0C /* Net-Proxima-Nova-Bold.otf */ = {isa = PBXFileReference; lastKnownFileType = file; path = "Net-Proxima-Nova-Bold.otf"; sourceTree = "<group>"; };
		9A413D3928ECACCA00D67D0C /* BaseView.swift */ = {isa = PBXFileReference; lastKnownFileType = sourcecode.swift; path = BaseView.swift; sourceTree = "<group>"; };
		9A413D3C28ECC1D600D67D0C /* extension+UIViewController.swift */ = {isa = PBXFileReference; lastKnownFileType = sourcecode.swift; path = "extension+UIViewController.swift"; sourceTree = "<group>"; };
		9A413D3E28ECCFA100D67D0C /* EnterPhoneNumberViewModel.swift */ = {isa = PBXFileReference; lastKnownFileType = sourcecode.swift; path = EnterPhoneNumberViewModel.swift; sourceTree = "<group>"; };
		9A413D4028ECCFA700D67D0C /* EnterPhoneNumberVC.swift */ = {isa = PBXFileReference; lastKnownFileType = sourcecode.swift; path = EnterPhoneNumberVC.swift; sourceTree = "<group>"; };
		9A413D4228ECD06F00D67D0C /* EnterPhoneNumberView.swift */ = {isa = PBXFileReference; lastKnownFileType = sourcecode.swift; path = EnterPhoneNumberView.swift; sourceTree = "<group>"; };
		9A413D4428ECD58E00D67D0C /* SF-Pro-Text-Regular.otf */ = {isa = PBXFileReference; lastKnownFileType = file; path = "SF-Pro-Text-Regular.otf"; sourceTree = "<group>"; };
		9A413D4628ECD5AF00D67D0C /* SF-Pro-Text-Semibold.otf */ = {isa = PBXFileReference; lastKnownFileType = file; path = "SF-Pro-Text-Semibold.otf"; sourceTree = "<group>"; };
		9A413D4928ECE17300D67D0C /* VerifyPhoneNumberView.swift */ = {isa = PBXFileReference; lastKnownFileType = sourcecode.swift; path = VerifyPhoneNumberView.swift; sourceTree = "<group>"; };
		9A413D4B28ECE17F00D67D0C /* VerifyPhoneNumberVC.swift */ = {isa = PBXFileReference; lastKnownFileType = sourcecode.swift; path = VerifyPhoneNumberVC.swift; sourceTree = "<group>"; };
		9A413D4D28ECE19F00D67D0C /* VerifyPhoneNumberViewModel.swift */ = {isa = PBXFileReference; lastKnownFileType = sourcecode.swift; path = VerifyPhoneNumberViewModel.swift; sourceTree = "<group>"; };
		9A413D5028ECE4CD00D67D0C /* VerificationTextField.swift */ = {isa = PBXFileReference; lastKnownFileType = sourcecode.swift; path = VerificationTextField.swift; sourceTree = "<group>"; };
		9A413D5628ED2CB400D67D0C /* USTextField.swift */ = {isa = PBXFileReference; lastKnownFileType = sourcecode.swift; path = USTextField.swift; sourceTree = "<group>"; };
		9A413D5828ED33AF00D67D0C /* EnterPhoneNumberVCDelegates.swift */ = {isa = PBXFileReference; lastKnownFileType = sourcecode.swift; path = EnterPhoneNumberVCDelegates.swift; sourceTree = "<group>"; };
		9A413D5A28ED3BF400D67D0C /* EnterBirthdayViewModel.swift */ = {isa = PBXFileReference; lastKnownFileType = sourcecode.swift; path = EnterBirthdayViewModel.swift; sourceTree = "<group>"; };
		9A413D5C28ED3C0300D67D0C /* EnterBirthdayView.swift */ = {isa = PBXFileReference; lastKnownFileType = sourcecode.swift; path = EnterBirthdayView.swift; sourceTree = "<group>"; };
		9A413D5E28ED3C4F00D67D0C /* EnterBirthdayVC.swift */ = {isa = PBXFileReference; lastKnownFileType = sourcecode.swift; path = EnterBirthdayVC.swift; sourceTree = "<group>"; };
		9A413D6428ED3DCE00D67D0C /* OnboardingOrangeBar.swift */ = {isa = PBXFileReference; lastKnownFileType = sourcecode.swift; path = OnboardingOrangeBar.swift; sourceTree = "<group>"; };
		9A413D6728ED483100D67D0C /* EnterNameVC.swift */ = {isa = PBXFileReference; lastKnownFileType = sourcecode.swift; path = EnterNameVC.swift; sourceTree = "<group>"; };
		9A413D6928ED485A00D67D0C /* EnterNameViewModel.swift */ = {isa = PBXFileReference; lastKnownFileType = sourcecode.swift; path = EnterNameViewModel.swift; sourceTree = "<group>"; };
		9A413D6C28ED488800D67D0C /* EnterNameView.swift */ = {isa = PBXFileReference; lastKnownFileType = sourcecode.swift; path = EnterNameView.swift; sourceTree = "<group>"; };
		9A450CBC28F5DF700017167D /* EnterBirthdayVCDelegates.swift */ = {isa = PBXFileReference; lastKnownFileType = sourcecode.swift; path = EnterBirthdayVCDelegates.swift; sourceTree = "<group>"; };
		9A450CBE28F5E9960017167D /* MotivationStyleVCDelegates.swift */ = {isa = PBXFileReference; lastKnownFileType = sourcecode.swift; path = MotivationStyleVCDelegates.swift; sourceTree = "<group>"; };
		9A450CC028F5F3980017167D /* FirstAlarmVCDelegates.swift */ = {isa = PBXFileReference; lastKnownFileType = sourcecode.swift; path = FirstAlarmVCDelegates.swift; sourceTree = "<group>"; };
		9A450CC328F6014B0017167D /* AddMotivationViewModel.swift */ = {isa = PBXFileReference; lastKnownFileType = sourcecode.swift; path = AddMotivationViewModel.swift; sourceTree = "<group>"; };
		9A450CC528F6016F0017167D /* AddMotivationVC.swift */ = {isa = PBXFileReference; lastKnownFileType = sourcecode.swift; path = AddMotivationVC.swift; sourceTree = "<group>"; };
		9A450CC728F601890017167D /* AddMotivationView.swift */ = {isa = PBXFileReference; lastKnownFileType = sourcecode.swift; path = AddMotivationView.swift; sourceTree = "<group>"; };
		9A450CCE28F60B410017167D /* BaseMotivationImageView.swift */ = {isa = PBXFileReference; lastKnownFileType = sourcecode.swift; path = BaseMotivationImageView.swift; sourceTree = "<group>"; };
		9A450CD028F611080017167D /* AddMotivitionDelegates.swift */ = {isa = PBXFileReference; lastKnownFileType = sourcecode.swift; path = AddMotivitionDelegates.swift; sourceTree = "<group>"; };
		9A5EC134290769AC0015744D /* NewAlarmFooterView.swift */ = {isa = PBXFileReference; lastKnownFileType = sourcecode.swift; path = NewAlarmFooterView.swift; sourceTree = "<group>"; };
		9A5EC136290769C10015744D /* NoAlarmsHeaderView.swift */ = {isa = PBXFileReference; lastKnownFileType = sourcecode.swift; path = NoAlarmsHeaderView.swift; sourceTree = "<group>"; };
		9A5EC1382907715D0015744D /* AlarmCell.swift */ = {isa = PBXFileReference; lastKnownFileType = sourcecode.swift; path = AlarmCell.swift; sourceTree = "<group>"; };
		9A5EC13A290778620015744D /* AlarmVCDelegates.swift */ = {isa = PBXFileReference; lastKnownFileType = sourcecode.swift; path = AlarmVCDelegates.swift; sourceTree = "<group>"; };
		9A64E7BE28FF109E006DA4CA /* User.swift */ = {isa = PBXFileReference; lastKnownFileType = sourcecode.swift; path = User.swift; sourceTree = "<group>"; };
		9A64E7C128FF1383006DA4CA /* ProfileService.swift */ = {isa = PBXFileReference; lastKnownFileType = sourcecode.swift; path = ProfileService.swift; sourceTree = "<group>"; };
		9A64E7C328FF3B95006DA4CA /* extension+Double.swift */ = {isa = PBXFileReference; lastKnownFileType = sourcecode.swift; path = "extension+Double.swift"; sourceTree = "<group>"; };
		9A64E7C528FF4107006DA4CA /* SleepStyle.swift */ = {isa = PBXFileReference; lastKnownFileType = sourcecode.swift; path = SleepStyle.swift; sourceTree = "<group>"; };
		9A64E7C728FF42CE006DA4CA /* MotivationStyle.swift */ = {isa = PBXFileReference; lastKnownFileType = sourcecode.swift; path = MotivationStyle.swift; sourceTree = "<group>"; };
		9A64E7C928FF4760006DA4CA /* ProfileVCDelegates.swift */ = {isa = PBXFileReference; lastKnownFileType = sourcecode.swift; path = ProfileVCDelegates.swift; sourceTree = "<group>"; };
		9A64E7CC28FF8A3B006DA4CA /* Observers.swift */ = {isa = PBXFileReference; lastKnownFileType = sourcecode.swift; path = Observers.swift; sourceTree = "<group>"; };
		9A77148928F8854700F8C2F1 /* OnboardingService.swift */ = {isa = PBXFileReference; lastKnownFileType = sourcecode.swift; path = OnboardingService.swift; sourceTree = "<group>"; };
		9A77148B28F8A2C000F8C2F1 /* Y We Rise.entitlements */ = {isa = PBXFileReference; lastKnownFileType = text.plist.entitlements; path = "Y We Rise.entitlements"; sourceTree = "<group>"; };
		9A89EEFA28EF6A000087A73D /* EnterNameDelegates.swift */ = {isa = PBXFileReference; lastKnownFileType = sourcecode.swift; path = EnterNameDelegates.swift; sourceTree = "<group>"; };
		9A89EEFD28EF6EB90087A73D /* PermissionsView.swift */ = {isa = PBXFileReference; lastKnownFileType = sourcecode.swift; path = PermissionsView.swift; sourceTree = "<group>"; };
		9A89EEFF28EF6EC40087A73D /* PersmissionsVC.swift */ = {isa = PBXFileReference; lastKnownFileType = sourcecode.swift; path = PersmissionsVC.swift; sourceTree = "<group>"; };
		9A89EF0128EF6ED00087A73D /* PermissionsViewModel.swift */ = {isa = PBXFileReference; lastKnownFileType = sourcecode.swift; path = PermissionsViewModel.swift; sourceTree = "<group>"; };
		9A89EF0328EF72D50087A73D /* PermissionsVCDelegates.swift */ = {isa = PBXFileReference; lastKnownFileType = sourcecode.swift; path = PermissionsVCDelegates.swift; sourceTree = "<group>"; };
		9A89EF0628EF76D70087A73D /* SleepStyleViewModel.swift */ = {isa = PBXFileReference; lastKnownFileType = sourcecode.swift; path = SleepStyleViewModel.swift; sourceTree = "<group>"; };
		9A89EF0828EF77830087A73D /* SleepStyleVCDelegates.swift */ = {isa = PBXFileReference; lastKnownFileType = sourcecode.swift; path = SleepStyleVCDelegates.swift; sourceTree = "<group>"; };
		9A89EF0A28EF77930087A73D /* SleepStyleVC.swift */ = {isa = PBXFileReference; lastKnownFileType = sourcecode.swift; path = SleepStyleVC.swift; sourceTree = "<group>"; };
		9A89EF0C28EF77A20087A73D /* SleepStyleView.swift */ = {isa = PBXFileReference; lastKnownFileType = sourcecode.swift; path = SleepStyleView.swift; sourceTree = "<group>"; };
		9A89EF0E28EF79600087A73D /* SleepStyleCell.swift */ = {isa = PBXFileReference; lastKnownFileType = sourcecode.swift; path = SleepStyleCell.swift; sourceTree = "<group>"; };
		9A89EF1028EFC6920087A73D /* MotivationStyleVC.swift */ = {isa = PBXFileReference; lastKnownFileType = sourcecode.swift; path = MotivationStyleVC.swift; sourceTree = "<group>"; };
		9A89EF1228EFC6B50087A73D /* MotivationStyleViewModel.swift */ = {isa = PBXFileReference; lastKnownFileType = sourcecode.swift; path = MotivationStyleViewModel.swift; sourceTree = "<group>"; };
		9A89EF1528EFC6D40087A73D /* MotivationStyleView.swift */ = {isa = PBXFileReference; lastKnownFileType = sourcecode.swift; path = MotivationStyleView.swift; sourceTree = "<group>"; };
		9A89EF1728EFC8B10087A73D /* MotivationStyleCell.swift */ = {isa = PBXFileReference; lastKnownFileType = sourcecode.swift; path = MotivationStyleCell.swift; sourceTree = "<group>"; };
		9A89EF1B28F0AC8E0087A73D /* FirstAlarmVC.swift */ = {isa = PBXFileReference; lastKnownFileType = sourcecode.swift; path = FirstAlarmVC.swift; sourceTree = "<group>"; };
		9A89EF1D28F0AC9C0087A73D /* FirstAlarmView.swift */ = {isa = PBXFileReference; lastKnownFileType = sourcecode.swift; path = FirstAlarmView.swift; sourceTree = "<group>"; };
		9A89EF1F28F0ACA80087A73D /* FirstAlarmViewModel.swift */ = {isa = PBXFileReference; lastKnownFileType = sourcecode.swift; path = FirstAlarmViewModel.swift; sourceTree = "<group>"; };
		9A96D0EC2908543C00495C50 /* SetAlarmViewModel.swift */ = {isa = PBXFileReference; lastKnownFileType = sourcecode.swift; path = SetAlarmViewModel.swift; sourceTree = "<group>"; };
		9A96D0EE2908544E00495C50 /* SetAlarmVC.swift */ = {isa = PBXFileReference; lastKnownFileType = sourcecode.swift; path = SetAlarmVC.swift; sourceTree = "<group>"; };
		9A96D0F12908546300495C50 /* SetAlarmView.swift */ = {isa = PBXFileReference; lastKnownFileType = sourcecode.swift; path = SetAlarmView.swift; sourceTree = "<group>"; };
		9A96D0F32908601B00495C50 /* SetAlarmVCDelegates.swift */ = {isa = PBXFileReference; lastKnownFileType = sourcecode.swift; path = SetAlarmVCDelegates.swift; sourceTree = "<group>"; };
		9A96D0F52908722D00495C50 /* AlarmService.swift */ = {isa = PBXFileReference; lastKnownFileType = sourcecode.swift; path = AlarmService.swift; sourceTree = "<group>"; };
		9A96D0F82908775C00495C50 /* Alarm.swift */ = {isa = PBXFileReference; lastKnownFileType = sourcecode.swift; path = Alarm.swift; sourceTree = "<group>"; };
		9A96D0FA2909B13A00495C50 /* extension+String.swift */ = {isa = PBXFileReference; lastKnownFileType = sourcecode.swift; path = "extension+String.swift"; sourceTree = "<group>"; };
		9A96D0FD290A245700495C50 /* ViewAlarmViewModel.swift */ = {isa = PBXFileReference; lastKnownFileType = sourcecode.swift; path = ViewAlarmViewModel.swift; sourceTree = "<group>"; };
		9A96D100290A249000495C50 /* ViewAlarmView.swift */ = {isa = PBXFileReference; lastKnownFileType = sourcecode.swift; path = ViewAlarmView.swift; sourceTree = "<group>"; };
		9A96D102290A24BF00495C50 /* ViewAlarmVC.swift */ = {isa = PBXFileReference; lastKnownFileType = sourcecode.swift; path = ViewAlarmVC.swift; sourceTree = "<group>"; };
		9A96D104290A268E00495C50 /* ViewMotivationPhotoCell.swift */ = {isa = PBXFileReference; lastKnownFileType = sourcecode.swift; path = ViewMotivationPhotoCell.swift; sourceTree = "<group>"; };
		9A96D106290A303000495C50 /* ViewAlarmVCDelegates.swift */ = {isa = PBXFileReference; lastKnownFileType = sourcecode.swift; path = ViewAlarmVCDelegates.swift; sourceTree = "<group>"; };
		9A96D109290B349500495C50 /* PaddingTextField.swift */ = {isa = PBXFileReference; lastKnownFileType = sourcecode.swift; path = PaddingTextField.swift; sourceTree = "<group>"; };
		9AC9C4EE28EB9159003EEE6B /* Y We Rise.app */ = {isa = PBXFileReference; explicitFileType = wrapper.application; includeInIndex = 0; path = "Y We Rise.app"; sourceTree = BUILT_PRODUCTS_DIR; };
		9AC9C4F128EB9159003EEE6B /* AppDelegate.swift */ = {isa = PBXFileReference; lastKnownFileType = sourcecode.swift; path = AppDelegate.swift; sourceTree = "<group>"; };
		9AC9C4F328EB9159003EEE6B /* SceneDelegate.swift */ = {isa = PBXFileReference; lastKnownFileType = sourcecode.swift; path = SceneDelegate.swift; sourceTree = "<group>"; };
		9AC9C4F828EB9159003EEE6B /* Base */ = {isa = PBXFileReference; lastKnownFileType = file.storyboard; name = Base; path = Base.lproj/Main.storyboard; sourceTree = "<group>"; };
		9AC9C4FA28EB915A003EEE6B /* Assets.xcassets */ = {isa = PBXFileReference; lastKnownFileType = folder.assetcatalog; path = Assets.xcassets; sourceTree = "<group>"; };
		9AC9C4FD28EB915A003EEE6B /* Base */ = {isa = PBXFileReference; lastKnownFileType = file.storyboard; name = Base; path = Base.lproj/LaunchScreen.storyboard; sourceTree = "<group>"; };
		9AC9C4FF28EB915A003EEE6B /* Info.plist */ = {isa = PBXFileReference; lastKnownFileType = text.plist.xml; path = Info.plist; sourceTree = "<group>"; };
		9AC9C50E28EB922C003EEE6B /* AppCoordinator.swift */ = {isa = PBXFileReference; lastKnownFileType = sourcecode.swift; path = AppCoordinator.swift; sourceTree = "<group>"; };
		9AC9C51828EB952D003EEE6B /* OnboardingCoordinator.swift */ = {isa = PBXFileReference; lastKnownFileType = sourcecode.swift; path = OnboardingCoordinator.swift; sourceTree = "<group>"; };
		9AC9C51A28EB9540003EEE6B /* TabCoordinator.swift */ = {isa = PBXFileReference; lastKnownFileType = sourcecode.swift; path = TabCoordinator.swift; sourceTree = "<group>"; };
		9AF478AA28FDD852002DF3B4 /* SettingsVCDelegates.swift */ = {isa = PBXFileReference; lastKnownFileType = sourcecode.swift; path = SettingsVCDelegates.swift; sourceTree = "<group>"; };
/* End PBXFileReference section */

/* Begin PBXFrameworksBuildPhase section */
		9AC9C4EB28EB9159003EEE6B /* Frameworks */ = {
			isa = PBXFrameworksBuildPhase;
			buildActionMask = 2147483647;
			files = (
				9A77148428F8832100F8C2F1 /* FirebaseAnalytics in Frameworks */,
				9A77148828F8832100F8C2F1 /* FirebaseFirestore in Frameworks */,
				9A77148628F8832100F8C2F1 /* FirebaseAuth in Frameworks */,
				9A413D5428ED2C5F00D67D0C /* PhoneNumberKit in Frameworks */,
			);
			runOnlyForDeploymentPostprocessing = 0;
		};
/* End PBXFrameworksBuildPhase section */

/* Begin PBXGroup section */
		9A12B27628F8C72400D99D67 /* Onboarding */ = {
			isa = PBXGroup;
			children = (
				9A77148928F8854700F8C2F1 /* OnboardingService.swift */,
			);
			path = Onboarding;
			sourceTree = "<group>";
		};
		9A12B27728F8C72D00D99D67 /* Caching */ = {
			isa = PBXGroup;
			children = (
				9A12B27428F8C70900D99D67 /* CachingService.swift */,
			);
			path = Caching;
			sourceTree = "<group>";
		};
		9A12B27E28F9BD9F00D99D67 /* Subviews */ = {
			isa = PBXGroup;
			children = (
				9A12B28128F9BDC100D99D67 /* SettingsView.swift */,
			);
			path = Subviews;
			sourceTree = "<group>";
		};
		9A12B28728F9BDEB00D99D67 /* Subviews */ = {
			isa = PBXGroup;
			children = (
				9A12B28828F9BDFD00D99D67 /* AlarmView.swift */,
				9A5EC136290769C10015744D /* NoAlarmsHeaderView.swift */,
				9A5EC134290769AC0015744D /* NewAlarmFooterView.swift */,
				9A5EC1382907715D0015744D /* AlarmCell.swift */,
			);
			path = Subviews;
			sourceTree = "<group>";
		};
		9A12B28E28F9BE5300D99D67 /* Subviews */ = {
			isa = PBXGroup;
			children = (
				9A12B28F28F9BE6400D99D67 /* ProfileView.swift */,
			);
			path = Subviews;
			sourceTree = "<group>";
		};
		9A413D2828EC998300D67D0C /* Storyboards */ = {
			isa = PBXGroup;
			children = (
				9AC9C4F728EB9159003EEE6B /* Main.storyboard */,
			);
			path = Storyboards;
			sourceTree = "<group>";
		};
		9A413D2F28EC9AFF00D67D0C /* Resuable */ = {
			isa = PBXGroup;
			children = (
				9A96D108290B348900495C50 /* PaddingTextField */,
				9A64E7CB28FF8A28006DA4CA /* Observers */,
				9A450CCB28F603D60017167D /* Motivation */,
				9A413D6328ED3DA900D67D0C /* OnboardingOrangeBar */,
				9A413D5528ED2CA600D67D0C /* USTextField */,
				9A413D3528ECA86500D67D0C /* Fonts */,
				9A413D3028EC9B0D00D67D0C /* BaseViewController */,
				9A413D3828ECACB600D67D0C /* BaseView */,
			);
			path = Resuable;
			sourceTree = "<group>";
		};
		9A413D3028EC9B0D00D67D0C /* BaseViewController */ = {
			isa = PBXGroup;
			children = (
				9A413D3128EC9B2D00D67D0C /* BaseViewController.swift */,
			);
			path = BaseViewController;
			sourceTree = "<group>";
		};
		9A413D3528ECA86500D67D0C /* Fonts */ = {
			isa = PBXGroup;
			children = (
				9A413D3628ECA87A00D67D0C /* Net-Proxima-Nova-Bold.otf */,
				9A413D4428ECD58E00D67D0C /* SF-Pro-Text-Regular.otf */,
				9A413D4628ECD5AF00D67D0C /* SF-Pro-Text-Semibold.otf */,
			);
			path = Fonts;
			sourceTree = "<group>";
		};
		9A413D3828ECACB600D67D0C /* BaseView */ = {
			isa = PBXGroup;
			children = (
				9A413D3928ECACCA00D67D0C /* BaseView.swift */,
			);
			path = BaseView;
			sourceTree = "<group>";
		};
		9A413D3B28ECC1C300D67D0C /* Extensions */ = {
			isa = PBXGroup;
			children = (
				9A413D3C28ECC1D600D67D0C /* extension+UIViewController.swift */,
				9A64E7C328FF3B95006DA4CA /* extension+Double.swift */,
				9A96D0FA2909B13A00495C50 /* extension+String.swift */,
			);
			path = Extensions;
			sourceTree = "<group>";
		};
		9A413D4F28ECE4BE00D67D0C /* Subviews */ = {
			isa = PBXGroup;
			children = (
				9A413D5028ECE4CD00D67D0C /* VerificationTextField.swift */,
				9A413D4928ECE17300D67D0C /* VerifyPhoneNumberView.swift */,
			);
			path = Subviews;
			sourceTree = "<group>";
		};
		9A413D5528ED2CA600D67D0C /* USTextField */ = {
			isa = PBXGroup;
			children = (
				9A413D5628ED2CB400D67D0C /* USTextField.swift */,
			);
			path = USTextField;
			sourceTree = "<group>";
		};
		9A413D6028ED3C9B00D67D0C /* Subviews */ = {
			isa = PBXGroup;
			children = (
				9A413D4228ECD06F00D67D0C /* EnterPhoneNumberView.swift */,
			);
			path = Subviews;
			sourceTree = "<group>";
		};
		9A413D6128ED3CA200D67D0C /* Subviews */ = {
			isa = PBXGroup;
			children = (
				9A413D2B28EC9AEA00D67D0C /* GetStartedView.swift */,
			);
			path = Subviews;
			sourceTree = "<group>";
		};
		9A413D6228ED3CB800D67D0C /* Subviews */ = {
			isa = PBXGroup;
			children = (
				9A413D5C28ED3C0300D67D0C /* EnterBirthdayView.swift */,
			);
			path = Subviews;
			sourceTree = "<group>";
		};
		9A413D6328ED3DA900D67D0C /* OnboardingOrangeBar */ = {
			isa = PBXGroup;
			children = (
				9A413D6428ED3DCE00D67D0C /* OnboardingOrangeBar.swift */,
			);
			path = OnboardingOrangeBar;
			sourceTree = "<group>";
		};
		9A413D6628ED481E00D67D0C /* EnterName */ = {
			isa = PBXGroup;
			children = (
				9A413D6928ED485A00D67D0C /* EnterNameViewModel.swift */,
				9A413D6B28ED486B00D67D0C /* Subviews */,
				9A89EEFA28EF6A000087A73D /* EnterNameDelegates.swift */,
				9A413D6728ED483100D67D0C /* EnterNameVC.swift */,
			);
			path = EnterName;
			sourceTree = "<group>";
		};
		9A413D6B28ED486B00D67D0C /* Subviews */ = {
			isa = PBXGroup;
			children = (
				9A413D6C28ED488800D67D0C /* EnterNameView.swift */,
			);
			path = Subviews;
			sourceTree = "<group>";
		};
		9A450CC228F601370017167D /* Subviews */ = {
			isa = PBXGroup;
			children = (
				9A450CC728F601890017167D /* AddMotivationView.swift */,
			);
			path = Subviews;
			sourceTree = "<group>";
		};
		9A450CCB28F603D60017167D /* Motivation */ = {
			isa = PBXGroup;
			children = (
				9A450CCE28F60B410017167D /* BaseMotivationImageView.swift */,
			);
			path = Motivation;
			sourceTree = "<group>";
		};
		9A5EC13C2907790E0015744D /* SetAlarm */ = {
			isa = PBXGroup;
			children = (
				9A96D0EC2908543C00495C50 /* SetAlarmViewModel.swift */,
				9A96D0F02908545000495C50 /* Subviews */,
				9A96D0F32908601B00495C50 /* SetAlarmVCDelegates.swift */,
				9A96D0EE2908544E00495C50 /* SetAlarmVC.swift */,
			);
			path = SetAlarm;
			sourceTree = "<group>";
		};
		9A5EC13D290779170015744D /* ViewAlarms */ = {
			isa = PBXGroup;
			children = (
				9A12B28A28F9BE0C00D99D67 /* AlarmViewModel.swift */,
				9A12B28728F9BDEB00D99D67 /* Subviews */,
				9A5EC13A290778620015744D /* AlarmVCDelegates.swift */,
				9A12B28528F9BDE800D99D67 /* AlarmVC.swift */,
			);
			path = ViewAlarms;
			sourceTree = "<group>";
		};
		9A64E7BD28FF1054006DA4CA /* Models */ = {
			isa = PBXGroup;
			children = (
				9A64E7BE28FF109E006DA4CA /* User.swift */,
				9A96D0F82908775C00495C50 /* Alarm.swift */,
			);
			path = Models;
			sourceTree = "<group>";
		};
		9A64E7C028FF1377006DA4CA /* Profile */ = {
			isa = PBXGroup;
			children = (
				9A64E7C128FF1383006DA4CA /* ProfileService.swift */,
			);
			path = Profile;
			sourceTree = "<group>";
		};
		9A64E7CB28FF8A28006DA4CA /* Observers */ = {
			isa = PBXGroup;
			children = (
				9A64E7CC28FF8A3B006DA4CA /* Observers.swift */,
			);
			path = Observers;
			sourceTree = "<group>";
		};
		9A89EEFC28EF6EAC0087A73D /* Subviews */ = {
			isa = PBXGroup;
			children = (
				9A89EEFD28EF6EB90087A73D /* PermissionsView.swift */,
			);
			path = Subviews;
			sourceTree = "<group>";
		};
		9A89EF0528EF76C80087A73D /* Subviews */ = {
			isa = PBXGroup;
			children = (
				9A89EF0C28EF77A20087A73D /* SleepStyleView.swift */,
				9A89EF0E28EF79600087A73D /* SleepStyleCell.swift */,
				9A64E7C528FF4107006DA4CA /* SleepStyle.swift */,
			);
			path = Subviews;
			sourceTree = "<group>";
		};
		9A89EF1428EFC6B90087A73D /* Subviews */ = {
			isa = PBXGroup;
			children = (
				9A89EF1528EFC6D40087A73D /* MotivationStyleView.swift */,
				9A89EF1728EFC8B10087A73D /* MotivationStyleCell.swift */,
				9A64E7C728FF42CE006DA4CA /* MotivationStyle.swift */,
			);
			path = Subviews;
			sourceTree = "<group>";
		};
		9A89EF1928EFCD150087A73D /* AddMotivation */ = {
			isa = PBXGroup;
			children = (
				9A450CC328F6014B0017167D /* AddMotivationViewModel.swift */,
				9A450CC228F601370017167D /* Subviews */,
				9A450CD028F611080017167D /* AddMotivitionDelegates.swift */,
				9A450CC528F6016F0017167D /* AddMotivationVC.swift */,
			);
			path = AddMotivation;
			sourceTree = "<group>";
		};
		9A89EF1A28EFCE220087A73D /* Subviews */ = {
			isa = PBXGroup;
			children = (
				9A89EF1D28F0AC9C0087A73D /* FirstAlarmView.swift */,
			);
			path = Subviews;
			sourceTree = "<group>";
		};
		9A96D0F02908545000495C50 /* Subviews */ = {
			isa = PBXGroup;
			children = (
				9A96D0F12908546300495C50 /* SetAlarmView.swift */,
			);
			path = Subviews;
			sourceTree = "<group>";
		};
		9A96D0F72908723100495C50 /* Alarm */ = {
			isa = PBXGroup;
			children = (
				9A96D0F52908722D00495C50 /* AlarmService.swift */,
			);
			path = Alarm;
			sourceTree = "<group>";
		};
		9A96D0FC290A244500495C50 /* ViewAlarm */ = {
			isa = PBXGroup;
			children = (
				9A96D0FD290A245700495C50 /* ViewAlarmViewModel.swift */,
				9A96D0FF290A248000495C50 /* Subviews */,
				9A96D106290A303000495C50 /* ViewAlarmVCDelegates.swift */,
				9A96D102290A24BF00495C50 /* ViewAlarmVC.swift */,
			);
			path = ViewAlarm;
			sourceTree = "<group>";
		};
		9A96D0FF290A248000495C50 /* Subviews */ = {
			isa = PBXGroup;
			children = (
				9A96D100290A249000495C50 /* ViewAlarmView.swift */,
				9A96D104290A268E00495C50 /* ViewMotivationPhotoCell.swift */,
			);
			path = Subviews;
			sourceTree = "<group>";
		};
		9A96D108290B348900495C50 /* PaddingTextField */ = {
			isa = PBXGroup;
			children = (
				9A96D109290B349500495C50 /* PaddingTextField.swift */,
			);
			path = PaddingTextField;
			sourceTree = "<group>";
		};
		9AC9C4E528EB9159003EEE6B = {
			isa = PBXGroup;
			children = (
				9AC9C4F028EB9159003EEE6B /* Y We Rise */,
				9AC9C4EF28EB9159003EEE6B /* Products */,
			);
			sourceTree = "<group>";
		};
		9AC9C4EF28EB9159003EEE6B /* Products */ = {
			isa = PBXGroup;
			children = (
				9AC9C4EE28EB9159003EEE6B /* Y We Rise.app */,
			);
			name = Products;
			sourceTree = "<group>";
		};
		9AC9C4F028EB9159003EEE6B /* Y We Rise */ = {
			isa = PBXGroup;
			children = (
				9A77148B28F8A2C000F8C2F1 /* Y We Rise.entitlements */,
				9AC9C4FF28EB915A003EEE6B /* Info.plist */,
				9A12B27228F8B45F00D99D67 /* GoogleService-Info.plist */,
				9AC9C50728EB919F003EEE6B /* Foundation */,
				9A64E7BD28FF1054006DA4CA /* Models */,
				9A413D2F28EC9AFF00D67D0C /* Resuable */,
				9AC9C50628EB9194003EEE6B /* Services */,
				9A413D3B28ECC1C300D67D0C /* Extensions */,
				9AC9C50528EB918E003EEE6B /* Modules */,
				9A413D2828EC998300D67D0C /* Storyboards */,
			);
			path = "Y We Rise";
			sourceTree = "<group>";
		};
		9AC9C50528EB918E003EEE6B /* Modules */ = {
			isa = PBXGroup;
			children = (
				9AC9C50E28EB922C003EEE6B /* AppCoordinator.swift */,
				9AC9C50828EB91B9003EEE6B /* Onboarding */,
				9AC9C50928EB91C1003EEE6B /* TabBar */,
			);
			path = Modules;
			sourceTree = "<group>";
		};
		9AC9C50628EB9194003EEE6B /* Services */ = {
			isa = PBXGroup;
			children = (
				9A96D0F72908723100495C50 /* Alarm */,
				9A64E7C028FF1377006DA4CA /* Profile */,
				9A12B27628F8C72400D99D67 /* Onboarding */,
				9A12B27728F8C72D00D99D67 /* Caching */,
			);
			path = Services;
			sourceTree = "<group>";
		};
		9AC9C50728EB919F003EEE6B /* Foundation */ = {
			isa = PBXGroup;
			children = (
				9AC9C4FC28EB915A003EEE6B /* LaunchScreen.storyboard */,
				9AC9C4F328EB9159003EEE6B /* SceneDelegate.swift */,
				9AC9C4F128EB9159003EEE6B /* AppDelegate.swift */,
				9AC9C4FA28EB915A003EEE6B /* Assets.xcassets */,
			);
			path = Foundation;
			sourceTree = "<group>";
		};
		9AC9C50828EB91B9003EEE6B /* Onboarding */ = {
			isa = PBXGroup;
			children = (
				9AC9C51828EB952D003EEE6B /* OnboardingCoordinator.swift */,
				9AC9C51028EB9304003EEE6B /* GetStarted */,
				9AC9C51128EB9318003EEE6B /* EnterPhoneNumber */,
				9AC9C51228EB9348003EEE6B /* VerifyPhoneNumber */,
				9A413D6628ED481E00D67D0C /* EnterName */,
				9AC9C51328EB9379003EEE6B /* EnterBirthday */,
				9AC9C51428EB93AE003EEE6B /* Permissions */,
				9AC9C51528EB93C1003EEE6B /* SleepStyle */,
				9AC9C51628EB93DE003EEE6B /* MotivationStyle */,
				9AC9C51728EB940C003EEE6B /* FirstAlarm */,
				9A89EF1928EFCD150087A73D /* AddMotivation */,
			);
			path = Onboarding;
			sourceTree = "<group>";
		};
		9AC9C50928EB91C1003EEE6B /* TabBar */ = {
			isa = PBXGroup;
			children = (
				9AC9C51A28EB9540003EEE6B /* TabCoordinator.swift */,
				9AC9C50C28EB9210003EEE6B /* Settings */,
				9AC9C50D28EB9217003EEE6B /* Alarm */,
				9AC9C50A28EB91F9003EEE6B /* Profile */,
			);
			name = TabBar;
			path = Onboarding/TabBar;
			sourceTree = "<group>";
		};
		9AC9C50A28EB91F9003EEE6B /* Profile */ = {
			isa = PBXGroup;
			children = (
				9A12B28C28F9BE5000D99D67 /* ProfileViewModel.swift */,
				9A12B28E28F9BE5300D99D67 /* Subviews */,
				9A64E7C928FF4760006DA4CA /* ProfileVCDelegates.swift */,
				9A12B29128F9BE7100D99D67 /* ProfileVC.swift */,
			);
			path = Profile;
			sourceTree = "<group>";
		};
		9AC9C50C28EB9210003EEE6B /* Settings */ = {
			isa = PBXGroup;
			children = (
				9A12B27F28F9BDB300D99D67 /* SettingsViewModel.swift */,
				9A12B27E28F9BD9F00D99D67 /* Subviews */,
				9AF478AA28FDD852002DF3B4 /* SettingsVCDelegates.swift */,
				9A12B28328F9BDD600D99D67 /* SettingsVC.swift */,
			);
			path = Settings;
			sourceTree = "<group>";
		};
		9AC9C50D28EB9217003EEE6B /* Alarm */ = {
			isa = PBXGroup;
			children = (
				9A5EC13D290779170015744D /* ViewAlarms */,
				9A5EC13C2907790E0015744D /* SetAlarm */,
				9A96D0FC290A244500495C50 /* ViewAlarm */,
			);
			path = Alarm;
			sourceTree = "<group>";
		};
		9AC9C51028EB9304003EEE6B /* GetStarted */ = {
			isa = PBXGroup;
			children = (
				9A413D2D28EC9AF400D67D0C /* GetStartedViewModel.swift */,
				9A413D6128ED3CA200D67D0C /* Subviews */,
				9A413D3328EC9FE600D67D0C /* GetStartedVCDelegates.swift */,
				9A413D2928EC9ADC00D67D0C /* GetStartedVC.swift */,
			);
			path = GetStarted;
			sourceTree = "<group>";
		};
		9AC9C51128EB9318003EEE6B /* EnterPhoneNumber */ = {
			isa = PBXGroup;
			children = (
				9A413D3E28ECCFA100D67D0C /* EnterPhoneNumberViewModel.swift */,
				9A413D6028ED3C9B00D67D0C /* Subviews */,
				9A413D5828ED33AF00D67D0C /* EnterPhoneNumberVCDelegates.swift */,
				9A413D4028ECCFA700D67D0C /* EnterPhoneNumberVC.swift */,
			);
			path = EnterPhoneNumber;
			sourceTree = "<group>";
		};
		9AC9C51228EB9348003EEE6B /* VerifyPhoneNumber */ = {
			isa = PBXGroup;
			children = (
				9A413D4D28ECE19F00D67D0C /* VerifyPhoneNumberViewModel.swift */,
				9A413D4F28ECE4BE00D67D0C /* Subviews */,
				9A12B27828F8C99100D99D67 /* VerifyPhoneNumberVCDelegates.swift */,
				9A413D4B28ECE17F00D67D0C /* VerifyPhoneNumberVC.swift */,
			);
			path = VerifyPhoneNumber;
			sourceTree = "<group>";
		};
		9AC9C51328EB9379003EEE6B /* EnterBirthday */ = {
			isa = PBXGroup;
			children = (
				9A413D5A28ED3BF400D67D0C /* EnterBirthdayViewModel.swift */,
				9A413D6228ED3CB800D67D0C /* Subviews */,
				9A450CBC28F5DF700017167D /* EnterBirthdayVCDelegates.swift */,
				9A413D5E28ED3C4F00D67D0C /* EnterBirthdayVC.swift */,
			);
			path = EnterBirthday;
			sourceTree = "<group>";
		};
		9AC9C51428EB93AE003EEE6B /* Permissions */ = {
			isa = PBXGroup;
			children = (
				9A89EF0128EF6ED00087A73D /* PermissionsViewModel.swift */,
				9A89EEFC28EF6EAC0087A73D /* Subviews */,
				9A89EF0328EF72D50087A73D /* PermissionsVCDelegates.swift */,
				9A89EEFF28EF6EC40087A73D /* PersmissionsVC.swift */,
			);
			path = Permissions;
			sourceTree = "<group>";
		};
		9AC9C51528EB93C1003EEE6B /* SleepStyle */ = {
			isa = PBXGroup;
			children = (
				9A89EF0628EF76D70087A73D /* SleepStyleViewModel.swift */,
				9A89EF0528EF76C80087A73D /* Subviews */,
				9A89EF0828EF77830087A73D /* SleepStyleVCDelegates.swift */,
				9A89EF0A28EF77930087A73D /* SleepStyleVC.swift */,
			);
			path = SleepStyle;
			sourceTree = "<group>";
		};
		9AC9C51628EB93DE003EEE6B /* MotivationStyle */ = {
			isa = PBXGroup;
			children = (
				9A89EF1228EFC6B50087A73D /* MotivationStyleViewModel.swift */,
				9A89EF1428EFC6B90087A73D /* Subviews */,
				9A450CBE28F5E9960017167D /* MotivationStyleVCDelegates.swift */,
				9A89EF1028EFC6920087A73D /* MotivationStyleVC.swift */,
			);
			path = MotivationStyle;
			sourceTree = "<group>";
		};
		9AC9C51728EB940C003EEE6B /* FirstAlarm */ = {
			isa = PBXGroup;
			children = (
				9A89EF1F28F0ACA80087A73D /* FirstAlarmViewModel.swift */,
				9A89EF1A28EFCE220087A73D /* Subviews */,
				9A450CC028F5F3980017167D /* FirstAlarmVCDelegates.swift */,
				9A89EF1B28F0AC8E0087A73D /* FirstAlarmVC.swift */,
			);
			path = FirstAlarm;
			sourceTree = "<group>";
		};
/* End PBXGroup section */

/* Begin PBXNativeTarget section */
		9AC9C4ED28EB9159003EEE6B /* Y We Rise */ = {
			isa = PBXNativeTarget;
			buildConfigurationList = 9AC9C50228EB915A003EEE6B /* Build configuration list for PBXNativeTarget "Y We Rise" */;
			buildPhases = (
				9AC9C4EA28EB9159003EEE6B /* Sources */,
				9AC9C4EB28EB9159003EEE6B /* Frameworks */,
				9AC9C4EC28EB9159003EEE6B /* Resources */,
			);
			buildRules = (
			);
			dependencies = (
			);
			name = "Y We Rise";
			packageProductDependencies = (
				9A413D5328ED2C5F00D67D0C /* PhoneNumberKit */,
				9A77148328F8832100F8C2F1 /* FirebaseAnalytics */,
				9A77148528F8832100F8C2F1 /* FirebaseAuth */,
				9A77148728F8832100F8C2F1 /* FirebaseFirestore */,
			);
			productName = "Y We Rise";
			productReference = 9AC9C4EE28EB9159003EEE6B /* Y We Rise.app */;
			productType = "com.apple.product-type.application";
		};
/* End PBXNativeTarget section */

/* Begin PBXProject section */
		9AC9C4E628EB9159003EEE6B /* Project object */ = {
			isa = PBXProject;
			attributes = {
				BuildIndependentTargetsInParallel = 1;
				LastSwiftUpdateCheck = 1310;
				LastUpgradeCheck = 1310;
				TargetAttributes = {
					9AC9C4ED28EB9159003EEE6B = {
						CreatedOnToolsVersion = 13.1;
					};
				};
			};
			buildConfigurationList = 9AC9C4E928EB9159003EEE6B /* Build configuration list for PBXProject "Y We Rise" */;
			compatibilityVersion = "Xcode 13.0";
			developmentRegion = en;
			hasScannedForEncodings = 0;
			knownRegions = (
				en,
				Base,
			);
			mainGroup = 9AC9C4E528EB9159003EEE6B;
			packageReferences = (
				9A413D5228ED2C5F00D67D0C /* XCRemoteSwiftPackageReference "PhoneNumberKit" */,
				9A77148228F8832100F8C2F1 /* XCRemoteSwiftPackageReference "firebase-ios-sdk" */,
			);
			productRefGroup = 9AC9C4EF28EB9159003EEE6B /* Products */;
			projectDirPath = "";
			projectRoot = "";
			targets = (
				9AC9C4ED28EB9159003EEE6B /* Y We Rise */,
			);
		};
/* End PBXProject section */

/* Begin PBXResourcesBuildPhase section */
		9AC9C4EC28EB9159003EEE6B /* Resources */ = {
			isa = PBXResourcesBuildPhase;
			buildActionMask = 2147483647;
			files = (
				9A413D4728ECD5AF00D67D0C /* SF-Pro-Text-Semibold.otf in Resources */,
				9AC9C4FE28EB915A003EEE6B /* LaunchScreen.storyboard in Resources */,
				9A413D4528ECD58E00D67D0C /* SF-Pro-Text-Regular.otf in Resources */,
				9A12B27328F8B45F00D99D67 /* GoogleService-Info.plist in Resources */,
				9AC9C4FB28EB915A003EEE6B /* Assets.xcassets in Resources */,
				9AC9C4F928EB9159003EEE6B /* Main.storyboard in Resources */,
				9A413D3728ECA87A00D67D0C /* Net-Proxima-Nova-Bold.otf in Resources */,
			);
			runOnlyForDeploymentPostprocessing = 0;
		};
/* End PBXResourcesBuildPhase section */

/* Begin PBXSourcesBuildPhase section */
		9AC9C4EA28EB9159003EEE6B /* Sources */ = {
			isa = PBXSourcesBuildPhase;
			buildActionMask = 2147483647;
			files = (
				9A64E7C428FF3B95006DA4CA /* extension+Double.swift in Sources */,
				9A89EF1C28F0AC8F0087A73D /* FirstAlarmVC.swift in Sources */,
				9A96D0F92908775C00495C50 /* Alarm.swift in Sources */,
				9A413D5D28ED3C0300D67D0C /* EnterBirthdayView.swift in Sources */,
				9AC9C50F28EB922C003EEE6B /* AppCoordinator.swift in Sources */,
				9A12B28028F9BDB300D99D67 /* SettingsViewModel.swift in Sources */,
				9AF478AB28FDD852002DF3B4 /* SettingsVCDelegates.swift in Sources */,
				9A413D5728ED2CB400D67D0C /* USTextField.swift in Sources */,
				9AC9C4F228EB9159003EEE6B /* AppDelegate.swift in Sources */,
				9A89EF2028F0ACA80087A73D /* FirstAlarmViewModel.swift in Sources */,
				9A89EF0728EF76D70087A73D /* SleepStyleViewModel.swift in Sources */,
				9A89EF1128EFC6920087A73D /* MotivationStyleVC.swift in Sources */,
				9A89EEFB28EF6A000087A73D /* EnterNameDelegates.swift in Sources */,
				9A450CD128F611080017167D /* AddMotivitionDelegates.swift in Sources */,
				9AC9C4F428EB9159003EEE6B /* SceneDelegate.swift in Sources */,
				9A450CC428F6014B0017167D /* AddMotivationViewModel.swift in Sources */,
				9A96D107290A303000495C50 /* ViewAlarmVCDelegates.swift in Sources */,
				9A77148A28F8854700F8C2F1 /* OnboardingService.swift in Sources */,
				9A12B28D28F9BE5000D99D67 /* ProfileViewModel.swift in Sources */,
				9A96D0F22908546300495C50 /* SetAlarmView.swift in Sources */,
				9A89EF1328EFC6B50087A73D /* MotivationStyleViewModel.swift in Sources */,
				9A12B27528F8C70900D99D67 /* CachingService.swift in Sources */,
				9A413D4C28ECE17F00D67D0C /* VerifyPhoneNumberVC.swift in Sources */,
				9A413D2A28EC9ADC00D67D0C /* GetStartedVC.swift in Sources */,
				9A96D105290A268E00495C50 /* ViewMotivationPhotoCell.swift in Sources */,
				9A5EC135290769AC0015744D /* NewAlarmFooterView.swift in Sources */,
				9A413D5928ED33AF00D67D0C /* EnterPhoneNumberVCDelegates.swift in Sources */,
				9A413D3428EC9FE600D67D0C /* GetStartedVCDelegates.swift in Sources */,
				9A89EF1828EFC8B10087A73D /* MotivationStyleCell.swift in Sources */,
				9A413D2C28EC9AEA00D67D0C /* GetStartedView.swift in Sources */,
				9A5EC13B290778620015744D /* AlarmVCDelegates.swift in Sources */,
				9A96D0FE290A245700495C50 /* ViewAlarmViewModel.swift in Sources */,
				9A413D3228EC9B2D00D67D0C /* BaseViewController.swift in Sources */,
				9A450CC128F5F3980017167D /* FirstAlarmVCDelegates.swift in Sources */,
				9A12B28228F9BDC100D99D67 /* SettingsView.swift in Sources */,
				9A12B29028F9BE6400D99D67 /* ProfileView.swift in Sources */,
				9A89EF0028EF6EC40087A73D /* PersmissionsVC.swift in Sources */,
				9A64E7CD28FF8A3B006DA4CA /* Observers.swift in Sources */,
				9A413D5B28ED3BF400D67D0C /* EnterBirthdayViewModel.swift in Sources */,
				9A89EF1E28F0AC9C0087A73D /* FirstAlarmView.swift in Sources */,
				9A89EF0428EF72D50087A73D /* PermissionsVCDelegates.swift in Sources */,
				9A96D0F62908722D00495C50 /* AlarmService.swift in Sources */,
				9A89EEFE28EF6EB90087A73D /* PermissionsView.swift in Sources */,
				9A12B27928F8C99100D99D67 /* VerifyPhoneNumberVCDelegates.swift in Sources */,
				9A413D6528ED3DCE00D67D0C /* OnboardingOrangeBar.swift in Sources */,
				9A96D0ED2908543C00495C50 /* SetAlarmViewModel.swift in Sources */,
				9A413D4E28ECE19F00D67D0C /* VerifyPhoneNumberViewModel.swift in Sources */,
				9A89EF0D28EF77A20087A73D /* SleepStyleView.swift in Sources */,
				9A96D0F42908601B00495C50 /* SetAlarmVCDelegates.swift in Sources */,
				9A96D10A290B349500495C50 /* PaddingTextField.swift in Sources */,
				9A450CC628F6016F0017167D /* AddMotivationVC.swift in Sources */,
				9AC9C51B28EB9540003EEE6B /* TabCoordinator.swift in Sources */,
				9A450CBF28F5E9960017167D /* MotivationStyleVCDelegates.swift in Sources */,
				9A413D3F28ECCFA100D67D0C /* EnterPhoneNumberViewModel.swift in Sources */,
				9A64E7C228FF1383006DA4CA /* ProfileService.swift in Sources */,
				9A12B28B28F9BE0C00D99D67 /* AlarmViewModel.swift in Sources */,
				9A12B29228F9BE7100D99D67 /* ProfileVC.swift in Sources */,
				9A89EF1628EFC6D40087A73D /* MotivationStyleView.swift in Sources */,
				9A413D6D28ED488800D67D0C /* EnterNameView.swift in Sources */,
				9A64E7BF28FF109E006DA4CA /* User.swift in Sources */,
				9A64E7C828FF42CE006DA4CA /* MotivationStyle.swift in Sources */,
				9A450CC828F601890017167D /* AddMotivationView.swift in Sources */,
				9A450CCF28F60B410017167D /* BaseMotivationImageView.swift in Sources */,
				9A89EF0F28EF79600087A73D /* SleepStyleCell.swift in Sources */,
				9A413D4A28ECE17300D67D0C /* VerifyPhoneNumberView.swift in Sources */,
				9A89EF0928EF77830087A73D /* SleepStyleVCDelegates.swift in Sources */,
				9A89EF0B28EF77930087A73D /* SleepStyleVC.swift in Sources */,
				9A413D4128ECCFA700D67D0C /* EnterPhoneNumberVC.swift in Sources */,
				9A413D3D28ECC1D600D67D0C /* extension+UIViewController.swift in Sources */,
				9A5EC1392907715D0015744D /* AlarmCell.swift in Sources */,
				9AC9C51928EB952D003EEE6B /* OnboardingCoordinator.swift in Sources */,
				9A413D3A28ECACCA00D67D0C /* BaseView.swift in Sources */,
				9A96D0FB2909B13A00495C50 /* extension+String.swift in Sources */,
				9A12B28428F9BDD600D99D67 /* SettingsVC.swift in Sources */,
				9A96D0EF2908544E00495C50 /* SetAlarmVC.swift in Sources */,
				9A413D5128ECE4CD00D67D0C /* VerificationTextField.swift in Sources */,
				9A64E7CA28FF4760006DA4CA /* ProfileVCDelegates.swift in Sources */,
				9A450CBD28F5DF700017167D /* EnterBirthdayVCDelegates.swift in Sources */,
				9A413D2E28EC9AF400D67D0C /* GetStartedViewModel.swift in Sources */,
				9A413D5F28ED3C4F00D67D0C /* EnterBirthdayVC.swift in Sources */,
				9A96D103290A24BF00495C50 /* ViewAlarmVC.swift in Sources */,
				9A413D6828ED483100D67D0C /* EnterNameVC.swift in Sources */,
				9A89EF0228EF6ED00087A73D /* PermissionsViewModel.swift in Sources */,
				9A413D4328ECD06F00D67D0C /* EnterPhoneNumberView.swift in Sources */,
				9A12B28628F9BDE800D99D67 /* AlarmVC.swift in Sources */,
				9A12B28928F9BDFD00D99D67 /* AlarmView.swift in Sources */,
				9A413D6A28ED485A00D67D0C /* EnterNameViewModel.swift in Sources */,
				9A5EC137290769C10015744D /* NoAlarmsHeaderView.swift in Sources */,
				9A64E7C628FF4107006DA4CA /* SleepStyle.swift in Sources */,
				9A96D101290A249000495C50 /* ViewAlarmView.swift in Sources */,
			);
			runOnlyForDeploymentPostprocessing = 0;
		};
/* End PBXSourcesBuildPhase section */

/* Begin PBXVariantGroup section */
		9AC9C4F728EB9159003EEE6B /* Main.storyboard */ = {
			isa = PBXVariantGroup;
			children = (
				9AC9C4F828EB9159003EEE6B /* Base */,
			);
			name = Main.storyboard;
			sourceTree = "<group>";
		};
		9AC9C4FC28EB915A003EEE6B /* LaunchScreen.storyboard */ = {
			isa = PBXVariantGroup;
			children = (
				9AC9C4FD28EB915A003EEE6B /* Base */,
			);
			name = LaunchScreen.storyboard;
			sourceTree = "<group>";
		};
/* End PBXVariantGroup section */

/* Begin XCBuildConfiguration section */
		9AC9C50028EB915A003EEE6B /* Debug */ = {
			isa = XCBuildConfiguration;
			buildSettings = {
				ALWAYS_SEARCH_USER_PATHS = NO;
				CLANG_ANALYZER_NONNULL = YES;
				CLANG_ANALYZER_NUMBER_OBJECT_CONVERSION = YES_AGGRESSIVE;
				CLANG_CXX_LANGUAGE_STANDARD = "gnu++17";
				CLANG_CXX_LIBRARY = "libc++";
				CLANG_ENABLE_MODULES = YES;
				CLANG_ENABLE_OBJC_ARC = YES;
				CLANG_ENABLE_OBJC_WEAK = YES;
				CLANG_WARN_BLOCK_CAPTURE_AUTORELEASING = YES;
				CLANG_WARN_BOOL_CONVERSION = YES;
				CLANG_WARN_COMMA = YES;
				CLANG_WARN_CONSTANT_CONVERSION = YES;
				CLANG_WARN_DEPRECATED_OBJC_IMPLEMENTATIONS = YES;
				CLANG_WARN_DIRECT_OBJC_ISA_USAGE = YES_ERROR;
				CLANG_WARN_DOCUMENTATION_COMMENTS = YES;
				CLANG_WARN_EMPTY_BODY = YES;
				CLANG_WARN_ENUM_CONVERSION = YES;
				CLANG_WARN_INFINITE_RECURSION = YES;
				CLANG_WARN_INT_CONVERSION = YES;
				CLANG_WARN_NON_LITERAL_NULL_CONVERSION = YES;
				CLANG_WARN_OBJC_IMPLICIT_RETAIN_SELF = YES;
				CLANG_WARN_OBJC_LITERAL_CONVERSION = YES;
				CLANG_WARN_OBJC_ROOT_CLASS = YES_ERROR;
				CLANG_WARN_QUOTED_INCLUDE_IN_FRAMEWORK_HEADER = YES;
				CLANG_WARN_RANGE_LOOP_ANALYSIS = YES;
				CLANG_WARN_STRICT_PROTOTYPES = YES;
				CLANG_WARN_SUSPICIOUS_MOVE = YES;
				CLANG_WARN_UNGUARDED_AVAILABILITY = YES_AGGRESSIVE;
				CLANG_WARN_UNREACHABLE_CODE = YES;
				CLANG_WARN__DUPLICATE_METHOD_MATCH = YES;
				COPY_PHASE_STRIP = NO;
				DEBUG_INFORMATION_FORMAT = dwarf;
				ENABLE_STRICT_OBJC_MSGSEND = YES;
				ENABLE_TESTABILITY = YES;
				GCC_C_LANGUAGE_STANDARD = gnu11;
				GCC_DYNAMIC_NO_PIC = NO;
				GCC_NO_COMMON_BLOCKS = YES;
				GCC_OPTIMIZATION_LEVEL = 0;
				GCC_PREPROCESSOR_DEFINITIONS = (
					"DEBUG=1",
					"$(inherited)",
				);
				GCC_WARN_64_TO_32_BIT_CONVERSION = YES;
				GCC_WARN_ABOUT_RETURN_TYPE = YES_ERROR;
				GCC_WARN_UNDECLARED_SELECTOR = YES;
				GCC_WARN_UNINITIALIZED_AUTOS = YES_AGGRESSIVE;
				GCC_WARN_UNUSED_FUNCTION = YES;
				GCC_WARN_UNUSED_VARIABLE = YES;
				IPHONEOS_DEPLOYMENT_TARGET = 15.0;
				MTL_ENABLE_DEBUG_INFO = INCLUDE_SOURCE;
				MTL_FAST_MATH = YES;
				ONLY_ACTIVE_ARCH = YES;
				SDKROOT = iphoneos;
				SWIFT_ACTIVE_COMPILATION_CONDITIONS = DEBUG;
				SWIFT_OPTIMIZATION_LEVEL = "-Onone";
			};
			name = Debug;
		};
		9AC9C50128EB915A003EEE6B /* Release */ = {
			isa = XCBuildConfiguration;
			buildSettings = {
				ALWAYS_SEARCH_USER_PATHS = NO;
				CLANG_ANALYZER_NONNULL = YES;
				CLANG_ANALYZER_NUMBER_OBJECT_CONVERSION = YES_AGGRESSIVE;
				CLANG_CXX_LANGUAGE_STANDARD = "gnu++17";
				CLANG_CXX_LIBRARY = "libc++";
				CLANG_ENABLE_MODULES = YES;
				CLANG_ENABLE_OBJC_ARC = YES;
				CLANG_ENABLE_OBJC_WEAK = YES;
				CLANG_WARN_BLOCK_CAPTURE_AUTORELEASING = YES;
				CLANG_WARN_BOOL_CONVERSION = YES;
				CLANG_WARN_COMMA = YES;
				CLANG_WARN_CONSTANT_CONVERSION = YES;
				CLANG_WARN_DEPRECATED_OBJC_IMPLEMENTATIONS = YES;
				CLANG_WARN_DIRECT_OBJC_ISA_USAGE = YES_ERROR;
				CLANG_WARN_DOCUMENTATION_COMMENTS = YES;
				CLANG_WARN_EMPTY_BODY = YES;
				CLANG_WARN_ENUM_CONVERSION = YES;
				CLANG_WARN_INFINITE_RECURSION = YES;
				CLANG_WARN_INT_CONVERSION = YES;
				CLANG_WARN_NON_LITERAL_NULL_CONVERSION = YES;
				CLANG_WARN_OBJC_IMPLICIT_RETAIN_SELF = YES;
				CLANG_WARN_OBJC_LITERAL_CONVERSION = YES;
				CLANG_WARN_OBJC_ROOT_CLASS = YES_ERROR;
				CLANG_WARN_QUOTED_INCLUDE_IN_FRAMEWORK_HEADER = YES;
				CLANG_WARN_RANGE_LOOP_ANALYSIS = YES;
				CLANG_WARN_STRICT_PROTOTYPES = YES;
				CLANG_WARN_SUSPICIOUS_MOVE = YES;
				CLANG_WARN_UNGUARDED_AVAILABILITY = YES_AGGRESSIVE;
				CLANG_WARN_UNREACHABLE_CODE = YES;
				CLANG_WARN__DUPLICATE_METHOD_MATCH = YES;
				COPY_PHASE_STRIP = NO;
				DEBUG_INFORMATION_FORMAT = "dwarf-with-dsym";
				ENABLE_NS_ASSERTIONS = NO;
				ENABLE_STRICT_OBJC_MSGSEND = YES;
				GCC_C_LANGUAGE_STANDARD = gnu11;
				GCC_NO_COMMON_BLOCKS = YES;
				GCC_WARN_64_TO_32_BIT_CONVERSION = YES;
				GCC_WARN_ABOUT_RETURN_TYPE = YES_ERROR;
				GCC_WARN_UNDECLARED_SELECTOR = YES;
				GCC_WARN_UNINITIALIZED_AUTOS = YES_AGGRESSIVE;
				GCC_WARN_UNUSED_FUNCTION = YES;
				GCC_WARN_UNUSED_VARIABLE = YES;
				IPHONEOS_DEPLOYMENT_TARGET = 15.0;
				MTL_ENABLE_DEBUG_INFO = NO;
				MTL_FAST_MATH = YES;
				SDKROOT = iphoneos;
				SWIFT_COMPILATION_MODE = wholemodule;
				SWIFT_OPTIMIZATION_LEVEL = "-O";
				VALIDATE_PRODUCT = YES;
			};
			name = Release;
		};
		9AC9C50328EB915A003EEE6B /* Debug */ = {
			isa = XCBuildConfiguration;
			buildSettings = {
				ASSETCATALOG_COMPILER_APPICON_NAME = AppIcon;
				ASSETCATALOG_COMPILER_GLOBAL_ACCENT_COLOR_NAME = AccentColor;
				ASSETCATALOG_COMPILER_INCLUDE_ALL_APPICON_ASSETS = NO;
				CODE_SIGN_ENTITLEMENTS = "Y We Rise/Y We Rise.entitlements";
				CODE_SIGN_STYLE = Automatic;
				CURRENT_PROJECT_VERSION = 9;
				DEVELOPMENT_TEAM = 5JTTJXL82Z;
				GENERATE_INFOPLIST_FILE = YES;
				INFOPLIST_FILE = "Y We Rise/Info.plist";
				INFOPLIST_KEY_CFBundleDisplayName = "Y We Rise";
				INFOPLIST_KEY_NSPhotoLibraryUsageDescription = "Enable Y We Rise to access your camera roll to upload your photos to set an alarm.";
				INFOPLIST_KEY_UIApplicationSupportsIndirectInputEvents = YES;
				INFOPLIST_KEY_UILaunchStoryboardName = LaunchScreen;
				INFOPLIST_KEY_UIMainStoryboardFile = Main;
				INFOPLIST_KEY_UISupportedInterfaceOrientations = UIInterfaceOrientationPortrait;
				INFOPLIST_KEY_UISupportedInterfaceOrientations_iPad = "UIInterfaceOrientationPortrait UIInterfaceOrientationPortraitUpsideDown UIInterfaceOrientationLandscapeLeft UIInterfaceOrientationLandscapeRight";
				INFOPLIST_KEY_UISupportedInterfaceOrientations_iPhone = "UIInterfaceOrientationPortrait UIInterfaceOrientationLandscapeLeft UIInterfaceOrientationLandscapeRight";
				LD_RUNPATH_SEARCH_PATHS = (
					"$(inherited)",
					"@executable_path/Frameworks",
				);
				MARKETING_VERSION = 0.1.2;
				PRODUCT_BUNDLE_IDENTIFIER = com.y.ywr;
				PRODUCT_NAME = "$(TARGET_NAME)";
				SWIFT_EMIT_LOC_STRINGS = YES;
				SWIFT_VERSION = 5.0;
				TARGETED_DEVICE_FAMILY = 1;
			};
			name = Debug;
		};
		9AC9C50428EB915A003EEE6B /* Release */ = {
			isa = XCBuildConfiguration;
			buildSettings = {
				ASSETCATALOG_COMPILER_APPICON_NAME = AppIcon;
				ASSETCATALOG_COMPILER_GLOBAL_ACCENT_COLOR_NAME = AccentColor;
				ASSETCATALOG_COMPILER_INCLUDE_ALL_APPICON_ASSETS = NO;
				CODE_SIGN_ENTITLEMENTS = "Y We Rise/Y We Rise.entitlements";
				CODE_SIGN_STYLE = Automatic;
				CURRENT_PROJECT_VERSION = 9;
				DEVELOPMENT_TEAM = 5JTTJXL82Z;
				GENERATE_INFOPLIST_FILE = YES;
				INFOPLIST_FILE = "Y We Rise/Info.plist";
				INFOPLIST_KEY_CFBundleDisplayName = "Y We Rise";
				INFOPLIST_KEY_NSPhotoLibraryUsageDescription = "Enable Y We Rise to access your camera roll to upload your photos to set an alarm.";
				INFOPLIST_KEY_UIApplicationSupportsIndirectInputEvents = YES;
				INFOPLIST_KEY_UILaunchStoryboardName = LaunchScreen;
				INFOPLIST_KEY_UIMainStoryboardFile = Main;
				INFOPLIST_KEY_UISupportedInterfaceOrientations = UIInterfaceOrientationPortrait;
				INFOPLIST_KEY_UISupportedInterfaceOrientations_iPad = "UIInterfaceOrientationPortrait UIInterfaceOrientationPortraitUpsideDown UIInterfaceOrientationLandscapeLeft UIInterfaceOrientationLandscapeRight";
				INFOPLIST_KEY_UISupportedInterfaceOrientations_iPhone = "UIInterfaceOrientationPortrait UIInterfaceOrientationLandscapeLeft UIInterfaceOrientationLandscapeRight";
				LD_RUNPATH_SEARCH_PATHS = (
					"$(inherited)",
					"@executable_path/Frameworks",
				);
				MARKETING_VERSION = 0.1.2;
				PRODUCT_BUNDLE_IDENTIFIER = com.y.ywr;
				PRODUCT_NAME = "$(TARGET_NAME)";
				SWIFT_EMIT_LOC_STRINGS = YES;
				SWIFT_VERSION = 5.0;
				TARGETED_DEVICE_FAMILY = 1;
			};
			name = Release;
		};
/* End XCBuildConfiguration section */

/* Begin XCConfigurationList section */
		9AC9C4E928EB9159003EEE6B /* Build configuration list for PBXProject "Y We Rise" */ = {
			isa = XCConfigurationList;
			buildConfigurations = (
				9AC9C50028EB915A003EEE6B /* Debug */,
				9AC9C50128EB915A003EEE6B /* Release */,
			);
			defaultConfigurationIsVisible = 0;
			defaultConfigurationName = Release;
		};
		9AC9C50228EB915A003EEE6B /* Build configuration list for PBXNativeTarget "Y We Rise" */ = {
			isa = XCConfigurationList;
			buildConfigurations = (
				9AC9C50328EB915A003EEE6B /* Debug */,
				9AC9C50428EB915A003EEE6B /* Release */,
			);
			defaultConfigurationIsVisible = 0;
			defaultConfigurationName = Release;
		};
/* End XCConfigurationList section */

/* Begin XCRemoteSwiftPackageReference section */
		9A413D5228ED2C5F00D67D0C /* XCRemoteSwiftPackageReference "PhoneNumberKit" */ = {
			isa = XCRemoteSwiftPackageReference;
			repositoryURL = "https://github.com/marmelroy/PhoneNumberKit";
			requirement = {
				kind = upToNextMajorVersion;
				minimumVersion = 3.0.0;
			};
		};
		9A77148228F8832100F8C2F1 /* XCRemoteSwiftPackageReference "firebase-ios-sdk" */ = {
			isa = XCRemoteSwiftPackageReference;
			repositoryURL = "https://github.com/firebase/firebase-ios-sdk.git";
			requirement = {
				branch = master;
				kind = branch;
			};
		};
/* End XCRemoteSwiftPackageReference section */

/* Begin XCSwiftPackageProductDependency section */
		9A413D5328ED2C5F00D67D0C /* PhoneNumberKit */ = {
			isa = XCSwiftPackageProductDependency;
			package = 9A413D5228ED2C5F00D67D0C /* XCRemoteSwiftPackageReference "PhoneNumberKit" */;
			productName = PhoneNumberKit;
		};
		9A77148328F8832100F8C2F1 /* FirebaseAnalytics */ = {
			isa = XCSwiftPackageProductDependency;
			package = 9A77148228F8832100F8C2F1 /* XCRemoteSwiftPackageReference "firebase-ios-sdk" */;
			productName = FirebaseAnalytics;
		};
		9A77148528F8832100F8C2F1 /* FirebaseAuth */ = {
			isa = XCSwiftPackageProductDependency;
			package = 9A77148228F8832100F8C2F1 /* XCRemoteSwiftPackageReference "firebase-ios-sdk" */;
			productName = FirebaseAuth;
		};
		9A77148728F8832100F8C2F1 /* FirebaseFirestore */ = {
			isa = XCSwiftPackageProductDependency;
			package = 9A77148228F8832100F8C2F1 /* XCRemoteSwiftPackageReference "firebase-ios-sdk" */;
			productName = FirebaseFirestore;
		};
/* End XCSwiftPackageProductDependency section */
	};
	rootObject = 9AC9C4E628EB9159003EEE6B /* Project object */;
}
