// !$*UTF8*$!
{
	archiveVersion = 1;
	classes = {
	};
	objectVersion = 55;
	objects = {

/* Begin PBXBuildFile section */
		9A413D2A28EC9ADC00D67D0C /* GetStartedVC.swift in Sources */ = {isa = PBXBuildFile; fileRef = 9A413D2928EC9ADC00D67D0C /* GetStartedVC.swift */; };
		9A413D2C28EC9AEA00D67D0C /* GetStartedView.swift in Sources */ = {isa = PBXBuildFile; fileRef = 9A413D2B28EC9AEA00D67D0C /* GetStartedView.swift */; };
		9A413D2E28EC9AF400D67D0C /* GetStartedViewModel.swift in Sources */ = {isa = PBXBuildFile; fileRef = 9A413D2D28EC9AF400D67D0C /* GetStartedViewModel.swift */; };
		9A413D3228EC9B2D00D67D0C /* BaseViewController.swift in Sources */ = {isa = PBXBuildFile; fileRef = 9A413D3128EC9B2D00D67D0C /* BaseViewController.swift */; };
		9A413D3428EC9FE600D67D0C /* GetStartedVCDelegates.swift in Sources */ = {isa = PBXBuildFile; fileRef = 9A413D3328EC9FE600D67D0C /* GetStartedVCDelegates.swift */; };
		9A413D3728ECA87A00D67D0C /* Net-Proxima-Nova-Bold.otf in Resources */ = {isa = PBXBuildFile; fileRef = 9A413D3628ECA87A00D67D0C /* Net-Proxima-Nova-Bold.otf */; };
		9A413D3A28ECACCA00D67D0C /* BaseView.swift in Sources */ = {isa = PBXBuildFile; fileRef = 9A413D3928ECACCA00D67D0C /* BaseView.swift */; };
		9A413D3D28ECC1D600D67D0C /* extension+UIViewController.swift in Sources */ = {isa = PBXBuildFile; fileRef = 9A413D3C28ECC1D600D67D0C /* extension+UIViewController.swift */; };
		9A413D3F28ECCFA100D67D0C /* EnterPhoneNumberViewModel.swift in Sources */ = {isa = PBXBuildFile; fileRef = 9A413D3E28ECCFA100D67D0C /* EnterPhoneNumberViewModel.swift */; };
		9A413D4128ECCFA700D67D0C /* EnterPhoneNumberVC.swift in Sources */ = {isa = PBXBuildFile; fileRef = 9A413D4028ECCFA700D67D0C /* EnterPhoneNumberVC.swift */; };
		9A413D4328ECD06F00D67D0C /* EnterPhoneNumberView.swift in Sources */ = {isa = PBXBuildFile; fileRef = 9A413D4228ECD06F00D67D0C /* EnterPhoneNumberView.swift */; };
		9A413D4528ECD58E00D67D0C /* SF-Pro-Text-Regular.otf in Resources */ = {isa = PBXBuildFile; fileRef = 9A413D4428ECD58E00D67D0C /* SF-Pro-Text-Regular.otf */; };
		9A413D4728ECD5AF00D67D0C /* SF-Pro-Text-Semibold.otf in Resources */ = {isa = PBXBuildFile; fileRef = 9A413D4628ECD5AF00D67D0C /* SF-Pro-Text-Semibold.otf */; };
		9A413D4A28ECE17300D67D0C /* VerifyPhoneNumberView.swift in Sources */ = {isa = PBXBuildFile; fileRef = 9A413D4928ECE17300D67D0C /* VerifyPhoneNumberView.swift */; };
		9A413D4C28ECE17F00D67D0C /* VerifyPhoneNumberVC.swift in Sources */ = {isa = PBXBuildFile; fileRef = 9A413D4B28ECE17F00D67D0C /* VerifyPhoneNumberVC.swift */; };
		9A413D4E28ECE19F00D67D0C /* VerifyPhoneNumberViewModel.swift in Sources */ = {isa = PBXBuildFile; fileRef = 9A413D4D28ECE19F00D67D0C /* VerifyPhoneNumberViewModel.swift */; };
		9A413D5128ECE4CD00D67D0C /* VerificationTextField.swift in Sources */ = {isa = PBXBuildFile; fileRef = 9A413D5028ECE4CD00D67D0C /* VerificationTextField.swift */; };
		9A413D5428ED2C5F00D67D0C /* PhoneNumberKit in Frameworks */ = {isa = PBXBuildFile; productRef = 9A413D5328ED2C5F00D67D0C /* PhoneNumberKit */; };
		9A413D5728ED2CB400D67D0C /* USTextField.swift in Sources */ = {isa = PBXBuildFile; fileRef = 9A413D5628ED2CB400D67D0C /* USTextField.swift */; };
		9A413D5928ED33AF00D67D0C /* EnterPhoneNumberVCDelegates.swift in Sources */ = {isa = PBXBuildFile; fileRef = 9A413D5828ED33AF00D67D0C /* EnterPhoneNumberVCDelegates.swift */; };
		9AC9C4F228EB9159003EEE6B /* AppDelegate.swift in Sources */ = {isa = PBXBuildFile; fileRef = 9AC9C4F128EB9159003EEE6B /* AppDelegate.swift */; };
		9AC9C4F428EB9159003EEE6B /* SceneDelegate.swift in Sources */ = {isa = PBXBuildFile; fileRef = 9AC9C4F328EB9159003EEE6B /* SceneDelegate.swift */; };
		9AC9C4F928EB9159003EEE6B /* Main.storyboard in Resources */ = {isa = PBXBuildFile; fileRef = 9AC9C4F728EB9159003EEE6B /* Main.storyboard */; };
		9AC9C4FB28EB915A003EEE6B /* Assets.xcassets in Resources */ = {isa = PBXBuildFile; fileRef = 9AC9C4FA28EB915A003EEE6B /* Assets.xcassets */; };
		9AC9C4FE28EB915A003EEE6B /* LaunchScreen.storyboard in Resources */ = {isa = PBXBuildFile; fileRef = 9AC9C4FC28EB915A003EEE6B /* LaunchScreen.storyboard */; };
		9AC9C50F28EB922C003EEE6B /* AppCoordinator.swift in Sources */ = {isa = PBXBuildFile; fileRef = 9AC9C50E28EB922C003EEE6B /* AppCoordinator.swift */; };
		9AC9C51928EB952D003EEE6B /* OnboardingCoordinator.swift in Sources */ = {isa = PBXBuildFile; fileRef = 9AC9C51828EB952D003EEE6B /* OnboardingCoordinator.swift */; };
		9AC9C51B28EB9540003EEE6B /* TabCoordinator.swift in Sources */ = {isa = PBXBuildFile; fileRef = 9AC9C51A28EB9540003EEE6B /* TabCoordinator.swift */; };
/* End PBXBuildFile section */

/* Begin PBXFileReference section */
		9A413D2928EC9ADC00D67D0C /* GetStartedVC.swift */ = {isa = PBXFileReference; lastKnownFileType = sourcecode.swift; path = GetStartedVC.swift; sourceTree = "<group>"; };
		9A413D2B28EC9AEA00D67D0C /* GetStartedView.swift */ = {isa = PBXFileReference; lastKnownFileType = sourcecode.swift; path = GetStartedView.swift; sourceTree = "<group>"; };
		9A413D2D28EC9AF400D67D0C /* GetStartedViewModel.swift */ = {isa = PBXFileReference; lastKnownFileType = sourcecode.swift; path = GetStartedViewModel.swift; sourceTree = "<group>"; };
		9A413D3128EC9B2D00D67D0C /* BaseViewController.swift */ = {isa = PBXFileReference; lastKnownFileType = sourcecode.swift; path = BaseViewController.swift; sourceTree = "<group>"; };
		9A413D3328EC9FE600D67D0C /* GetStartedVCDelegates.swift */ = {isa = PBXFileReference; lastKnownFileType = sourcecode.swift; path = GetStartedVCDelegates.swift; sourceTree = "<group>"; };
		9A413D3628ECA87A00D67D0C /* Net-Proxima-Nova-Bold.otf */ = {isa = PBXFileReference; lastKnownFileType = file; path = "Net-Proxima-Nova-Bold.otf"; sourceTree = "<group>"; };
		9A413D3928ECACCA00D67D0C /* BaseView.swift */ = {isa = PBXFileReference; lastKnownFileType = sourcecode.swift; path = BaseView.swift; sourceTree = "<group>"; };
		9A413D3C28ECC1D600D67D0C /* extension+UIViewController.swift */ = {isa = PBXFileReference; lastKnownFileType = sourcecode.swift; path = "extension+UIViewController.swift"; sourceTree = "<group>"; };
		9A413D3E28ECCFA100D67D0C /* EnterPhoneNumberViewModel.swift */ = {isa = PBXFileReference; lastKnownFileType = sourcecode.swift; path = EnterPhoneNumberViewModel.swift; sourceTree = "<group>"; };
		9A413D4028ECCFA700D67D0C /* EnterPhoneNumberVC.swift */ = {isa = PBXFileReference; lastKnownFileType = sourcecode.swift; path = EnterPhoneNumberVC.swift; sourceTree = "<group>"; };
		9A413D4228ECD06F00D67D0C /* EnterPhoneNumberView.swift */ = {isa = PBXFileReference; lastKnownFileType = sourcecode.swift; path = EnterPhoneNumberView.swift; sourceTree = "<group>"; };
		9A413D4428ECD58E00D67D0C /* SF-Pro-Text-Regular.otf */ = {isa = PBXFileReference; lastKnownFileType = file; path = "SF-Pro-Text-Regular.otf"; sourceTree = "<group>"; };
		9A413D4628ECD5AF00D67D0C /* SF-Pro-Text-Semibold.otf */ = {isa = PBXFileReference; lastKnownFileType = file; path = "SF-Pro-Text-Semibold.otf"; sourceTree = "<group>"; };
		9A413D4928ECE17300D67D0C /* VerifyPhoneNumberView.swift */ = {isa = PBXFileReference; lastKnownFileType = sourcecode.swift; path = VerifyPhoneNumberView.swift; sourceTree = "<group>"; };
		9A413D4B28ECE17F00D67D0C /* VerifyPhoneNumberVC.swift */ = {isa = PBXFileReference; lastKnownFileType = sourcecode.swift; path = VerifyPhoneNumberVC.swift; sourceTree = "<group>"; };
		9A413D4D28ECE19F00D67D0C /* VerifyPhoneNumberViewModel.swift */ = {isa = PBXFileReference; lastKnownFileType = sourcecode.swift; path = VerifyPhoneNumberViewModel.swift; sourceTree = "<group>"; };
		9A413D5028ECE4CD00D67D0C /* VerificationTextField.swift */ = {isa = PBXFileReference; lastKnownFileType = sourcecode.swift; path = VerificationTextField.swift; sourceTree = "<group>"; };
		9A413D5628ED2CB400D67D0C /* USTextField.swift */ = {isa = PBXFileReference; lastKnownFileType = sourcecode.swift; path = USTextField.swift; sourceTree = "<group>"; };
		9A413D5828ED33AF00D67D0C /* EnterPhoneNumberVCDelegates.swift */ = {isa = PBXFileReference; lastKnownFileType = sourcecode.swift; path = EnterPhoneNumberVCDelegates.swift; sourceTree = "<group>"; };
		9AC9C4EE28EB9159003EEE6B /* Y We Rise.app */ = {isa = PBXFileReference; explicitFileType = wrapper.application; includeInIndex = 0; path = "Y We Rise.app"; sourceTree = BUILT_PRODUCTS_DIR; };
		9AC9C4F128EB9159003EEE6B /* AppDelegate.swift */ = {isa = PBXFileReference; lastKnownFileType = sourcecode.swift; path = AppDelegate.swift; sourceTree = "<group>"; };
		9AC9C4F328EB9159003EEE6B /* SceneDelegate.swift */ = {isa = PBXFileReference; lastKnownFileType = sourcecode.swift; path = SceneDelegate.swift; sourceTree = "<group>"; };
		9AC9C4F828EB9159003EEE6B /* Base */ = {isa = PBXFileReference; lastKnownFileType = file.storyboard; name = Base; path = Base.lproj/Main.storyboard; sourceTree = "<group>"; };
		9AC9C4FA28EB915A003EEE6B /* Assets.xcassets */ = {isa = PBXFileReference; lastKnownFileType = folder.assetcatalog; path = Assets.xcassets; sourceTree = "<group>"; };
		9AC9C4FD28EB915A003EEE6B /* Base */ = {isa = PBXFileReference; lastKnownFileType = file.storyboard; name = Base; path = Base.lproj/LaunchScreen.storyboard; sourceTree = "<group>"; };
		9AC9C4FF28EB915A003EEE6B /* Info.plist */ = {isa = PBXFileReference; lastKnownFileType = text.plist.xml; path = Info.plist; sourceTree = "<group>"; };
		9AC9C50E28EB922C003EEE6B /* AppCoordinator.swift */ = {isa = PBXFileReference; lastKnownFileType = sourcecode.swift; path = AppCoordinator.swift; sourceTree = "<group>"; };
		9AC9C51828EB952D003EEE6B /* OnboardingCoordinator.swift */ = {isa = PBXFileReference; lastKnownFileType = sourcecode.swift; path = OnboardingCoordinator.swift; sourceTree = "<group>"; };
		9AC9C51A28EB9540003EEE6B /* TabCoordinator.swift */ = {isa = PBXFileReference; lastKnownFileType = sourcecode.swift; path = TabCoordinator.swift; sourceTree = "<group>"; };
/* End PBXFileReference section */

/* Begin PBXFrameworksBuildPhase section */
		9AC9C4EB28EB9159003EEE6B /* Frameworks */ = {
			isa = PBXFrameworksBuildPhase;
			buildActionMask = 2147483647;
			files = (
				9A413D5428ED2C5F00D67D0C /* PhoneNumberKit in Frameworks */,
			);
			runOnlyForDeploymentPostprocessing = 0;
		};
/* End PBXFrameworksBuildPhase section */

/* Begin PBXGroup section */
		9A413D2828EC998300D67D0C /* Storyboards */ = {
			isa = PBXGroup;
			children = (
				9AC9C4F728EB9159003EEE6B /* Main.storyboard */,
			);
			path = Storyboards;
			sourceTree = "<group>";
		};
		9A413D2F28EC9AFF00D67D0C /* Resuable */ = {
			isa = PBXGroup;
			children = (
				9A413D5528ED2CA600D67D0C /* USTextField */,
				9A413D3528ECA86500D67D0C /* Fonts */,
				9A413D3028EC9B0D00D67D0C /* BaseViewController */,
				9A413D3828ECACB600D67D0C /* BaseView */,
			);
			path = Resuable;
			sourceTree = "<group>";
		};
		9A413D3028EC9B0D00D67D0C /* BaseViewController */ = {
			isa = PBXGroup;
			children = (
				9A413D3128EC9B2D00D67D0C /* BaseViewController.swift */,
			);
			path = BaseViewController;
			sourceTree = "<group>";
		};
		9A413D3528ECA86500D67D0C /* Fonts */ = {
			isa = PBXGroup;
			children = (
				9A413D3628ECA87A00D67D0C /* Net-Proxima-Nova-Bold.otf */,
				9A413D4428ECD58E00D67D0C /* SF-Pro-Text-Regular.otf */,
				9A413D4628ECD5AF00D67D0C /* SF-Pro-Text-Semibold.otf */,
			);
			path = Fonts;
			sourceTree = "<group>";
		};
		9A413D3828ECACB600D67D0C /* BaseView */ = {
			isa = PBXGroup;
			children = (
				9A413D3928ECACCA00D67D0C /* BaseView.swift */,
			);
			path = BaseView;
			sourceTree = "<group>";
		};
		9A413D3B28ECC1C300D67D0C /* Extensions */ = {
			isa = PBXGroup;
			children = (
				9A413D3C28ECC1D600D67D0C /* extension+UIViewController.swift */,
			);
			path = Extensions;
			sourceTree = "<group>";
		};
		9A413D4F28ECE4BE00D67D0C /* Subviews */ = {
			isa = PBXGroup;
			children = (
				9A413D4928ECE17300D67D0C /* VerifyPhoneNumberView.swift */,
				9A413D5028ECE4CD00D67D0C /* VerificationTextField.swift */,
			);
			path = Subviews;
			sourceTree = "<group>";
		};
		9A413D5528ED2CA600D67D0C /* USTextField */ = {
			isa = PBXGroup;
			children = (
				9A413D5628ED2CB400D67D0C /* USTextField.swift */,
			);
			path = USTextField;
			sourceTree = "<group>";
		};
		9AC9C4E528EB9159003EEE6B = {
			isa = PBXGroup;
			children = (
				9AC9C4F028EB9159003EEE6B /* Y We Rise */,
				9AC9C4EF28EB9159003EEE6B /* Products */,
			);
			sourceTree = "<group>";
		};
		9AC9C4EF28EB9159003EEE6B /* Products */ = {
			isa = PBXGroup;
			children = (
				9AC9C4EE28EB9159003EEE6B /* Y We Rise.app */,
			);
			name = Products;
			sourceTree = "<group>";
		};
		9AC9C4F028EB9159003EEE6B /* Y We Rise */ = {
			isa = PBXGroup;
			children = (
				9AC9C4FF28EB915A003EEE6B /* Info.plist */,
				9AC9C50728EB919F003EEE6B /* Foundation */,
				9A413D2F28EC9AFF00D67D0C /* Resuable */,
				9AC9C50628EB9194003EEE6B /* Services */,
				9A413D3B28ECC1C300D67D0C /* Extensions */,
				9AC9C50528EB918E003EEE6B /* Modules */,
				9A413D2828EC998300D67D0C /* Storyboards */,
			);
			path = "Y We Rise";
			sourceTree = "<group>";
		};
		9AC9C50528EB918E003EEE6B /* Modules */ = {
			isa = PBXGroup;
			children = (
				9AC9C50E28EB922C003EEE6B /* AppCoordinator.swift */,
				9AC9C50828EB91B9003EEE6B /* Onboarding */,
				9AC9C50928EB91C1003EEE6B /* TabBar */,
			);
			path = Modules;
			sourceTree = "<group>";
		};
		9AC9C50628EB9194003EEE6B /* Services */ = {
			isa = PBXGroup;
			children = (
			);
			path = Services;
			sourceTree = "<group>";
		};
		9AC9C50728EB919F003EEE6B /* Foundation */ = {
			isa = PBXGroup;
			children = (
				9AC9C4FC28EB915A003EEE6B /* LaunchScreen.storyboard */,
				9AC9C4F328EB9159003EEE6B /* SceneDelegate.swift */,
				9AC9C4F128EB9159003EEE6B /* AppDelegate.swift */,
				9AC9C4FA28EB915A003EEE6B /* Assets.xcassets */,
			);
			path = Foundation;
			sourceTree = "<group>";
		};
		9AC9C50828EB91B9003EEE6B /* Onboarding */ = {
			isa = PBXGroup;
			children = (
				9AC9C51828EB952D003EEE6B /* OnboardingCoordinator.swift */,
				9AC9C51028EB9304003EEE6B /* GetStarted */,
				9AC9C51128EB9318003EEE6B /* EnterPhoneNumber */,
				9AC9C51228EB9348003EEE6B /* VerifyPhoneNumber */,
				9AC9C51328EB9379003EEE6B /* EnterBirthday */,
				9AC9C51428EB93AE003EEE6B /* Permissions */,
				9AC9C51528EB93C1003EEE6B /* SleepStyle */,
				9AC9C51628EB93DE003EEE6B /* MotivationStyle */,
				9AC9C51728EB940C003EEE6B /* FirstAlarm */,
			);
			path = Onboarding;
			sourceTree = "<group>";
		};
		9AC9C50928EB91C1003EEE6B /* TabBar */ = {
			isa = PBXGroup;
			children = (
				9AC9C51A28EB9540003EEE6B /* TabCoordinator.swift */,
				9AC9C50D28EB9217003EEE6B /* Alarm */,
				9AC9C50C28EB9210003EEE6B /* Settings */,
				9AC9C50A28EB91F9003EEE6B /* Profile */,
			);
			path = TabBar;
			sourceTree = "<group>";
		};
		9AC9C50A28EB91F9003EEE6B /* Profile */ = {
			isa = PBXGroup;
			children = (
			);
			path = Profile;
			sourceTree = "<group>";
		};
		9AC9C50C28EB9210003EEE6B /* Settings */ = {
			isa = PBXGroup;
			children = (
			);
			path = Settings;
			sourceTree = "<group>";
		};
		9AC9C50D28EB9217003EEE6B /* Alarm */ = {
			isa = PBXGroup;
			children = (
			);
			path = Alarm;
			sourceTree = "<group>";
		};
		9AC9C51028EB9304003EEE6B /* GetStarted */ = {
			isa = PBXGroup;
			children = (
				9A413D2D28EC9AF400D67D0C /* GetStartedViewModel.swift */,
				9A413D2B28EC9AEA00D67D0C /* GetStartedView.swift */,
				9A413D3328EC9FE600D67D0C /* GetStartedVCDelegates.swift */,
				9A413D2928EC9ADC00D67D0C /* GetStartedVC.swift */,
			);
			path = GetStarted;
			sourceTree = "<group>";
		};
		9AC9C51128EB9318003EEE6B /* EnterPhoneNumber */ = {
			isa = PBXGroup;
			children = (
				9A413D3E28ECCFA100D67D0C /* EnterPhoneNumberViewModel.swift */,
				9A413D4228ECD06F00D67D0C /* EnterPhoneNumberView.swift */,
				9A413D5828ED33AF00D67D0C /* EnterPhoneNumberVCDelegates.swift */,
				9A413D4028ECCFA700D67D0C /* EnterPhoneNumberVC.swift */,
			);
			path = EnterPhoneNumber;
			sourceTree = "<group>";
		};
		9AC9C51228EB9348003EEE6B /* VerifyPhoneNumber */ = {
			isa = PBXGroup;
			children = (
				9A413D4F28ECE4BE00D67D0C /* Subviews */,
				9A413D4D28ECE19F00D67D0C /* VerifyPhoneNumberViewModel.swift */,
				9A413D4B28ECE17F00D67D0C /* VerifyPhoneNumberVC.swift */,
			);
			path = VerifyPhoneNumber;
			sourceTree = "<group>";
		};
		9AC9C51328EB9379003EEE6B /* EnterBirthday */ = {
			isa = PBXGroup;
			children = (
			);
			path = EnterBirthday;
			sourceTree = "<group>";
		};
		9AC9C51428EB93AE003EEE6B /* Permissions */ = {
			isa = PBXGroup;
			children = (
			);
			path = Permissions;
			sourceTree = "<group>";
		};
		9AC9C51528EB93C1003EEE6B /* SleepStyle */ = {
			isa = PBXGroup;
			children = (
			);
			path = SleepStyle;
			sourceTree = "<group>";
		};
		9AC9C51628EB93DE003EEE6B /* MotivationStyle */ = {
			isa = PBXGroup;
			children = (
			);
			path = MotivationStyle;
			sourceTree = "<group>";
		};
		9AC9C51728EB940C003EEE6B /* FirstAlarm */ = {
			isa = PBXGroup;
			children = (
			);
			path = FirstAlarm;
			sourceTree = "<group>";
		};
/* End PBXGroup section */

/* Begin PBXNativeTarget section */
		9AC9C4ED28EB9159003EEE6B /* Y We Rise */ = {
			isa = PBXNativeTarget;
			buildConfigurationList = 9AC9C50228EB915A003EEE6B /* Build configuration list for PBXNativeTarget "Y We Rise" */;
			buildPhases = (
				9AC9C4EA28EB9159003EEE6B /* Sources */,
				9AC9C4EB28EB9159003EEE6B /* Frameworks */,
				9AC9C4EC28EB9159003EEE6B /* Resources */,
			);
			buildRules = (
			);
			dependencies = (
			);
			name = "Y We Rise";
			packageProductDependencies = (
				9A413D5328ED2C5F00D67D0C /* PhoneNumberKit */,
			);
			productName = "Y We Rise";
			productReference = 9AC9C4EE28EB9159003EEE6B /* Y We Rise.app */;
			productType = "com.apple.product-type.application";
		};
/* End PBXNativeTarget section */

/* Begin PBXProject section */
		9AC9C4E628EB9159003EEE6B /* Project object */ = {
			isa = PBXProject;
			attributes = {
				BuildIndependentTargetsInParallel = 1;
				LastSwiftUpdateCheck = 1310;
				LastUpgradeCheck = 1310;
				TargetAttributes = {
					9AC9C4ED28EB9159003EEE6B = {
						CreatedOnToolsVersion = 13.1;
					};
				};
			};
			buildConfigurationList = 9AC9C4E928EB9159003EEE6B /* Build configuration list for PBXProject "Y We Rise" */;
			compatibilityVersion = "Xcode 13.0";
			developmentRegion = en;
			hasScannedForEncodings = 0;
			knownRegions = (
				en,
				Base,
			);
			mainGroup = 9AC9C4E528EB9159003EEE6B;
			packageReferences = (
				9A413D5228ED2C5F00D67D0C /* XCRemoteSwiftPackageReference "PhoneNumberKit" */,
			);
			productRefGroup = 9AC9C4EF28EB9159003EEE6B /* Products */;
			projectDirPath = "";
			projectRoot = "";
			targets = (
				9AC9C4ED28EB9159003EEE6B /* Y We Rise */,
			);
		};
/* End PBXProject section */

/* Begin PBXResourcesBuildPhase section */
		9AC9C4EC28EB9159003EEE6B /* Resources */ = {
			isa = PBXResourcesBuildPhase;
			buildActionMask = 2147483647;
			files = (
				9A413D4728ECD5AF00D67D0C /* SF-Pro-Text-Semibold.otf in Resources */,
				9AC9C4FE28EB915A003EEE6B /* LaunchScreen.storyboard in Resources */,
				9A413D4528ECD58E00D67D0C /* SF-Pro-Text-Regular.otf in Resources */,
				9AC9C4FB28EB915A003EEE6B /* Assets.xcassets in Resources */,
				9AC9C4F928EB9159003EEE6B /* Main.storyboard in Resources */,
				9A413D3728ECA87A00D67D0C /* Net-Proxima-Nova-Bold.otf in Resources */,
			);
			runOnlyForDeploymentPostprocessing = 0;
		};
/* End PBXResourcesBuildPhase section */

/* Begin PBXSourcesBuildPhase section */
		9AC9C4EA28EB9159003EEE6B /* Sources */ = {
			isa = PBXSourcesBuildPhase;
			buildActionMask = 2147483647;
			files = (
				9AC9C50F28EB922C003EEE6B /* AppCoordinator.swift in Sources */,
				9A413D5728ED2CB400D67D0C /* USTextField.swift in Sources */,
				9AC9C4F228EB9159003EEE6B /* AppDelegate.swift in Sources */,
				9AC9C4F428EB9159003EEE6B /* SceneDelegate.swift in Sources */,
				9A413D4C28ECE17F00D67D0C /* VerifyPhoneNumberVC.swift in Sources */,
				9A413D2A28EC9ADC00D67D0C /* GetStartedVC.swift in Sources */,
				9A413D5928ED33AF00D67D0C /* EnterPhoneNumberVCDelegates.swift in Sources */,
				9A413D3428EC9FE600D67D0C /* GetStartedVCDelegates.swift in Sources */,
				9A413D2C28EC9AEA00D67D0C /* GetStartedView.swift in Sources */,
				9A413D3228EC9B2D00D67D0C /* BaseViewController.swift in Sources */,
				9A413D4E28ECE19F00D67D0C /* VerifyPhoneNumberViewModel.swift in Sources */,
				9AC9C51B28EB9540003EEE6B /* TabCoordinator.swift in Sources */,
				9A413D3F28ECCFA100D67D0C /* EnterPhoneNumberViewModel.swift in Sources */,
				9A413D4A28ECE17300D67D0C /* VerifyPhoneNumberView.swift in Sources */,
				9A413D4128ECCFA700D67D0C /* EnterPhoneNumberVC.swift in Sources */,
				9A413D3D28ECC1D600D67D0C /* extension+UIViewController.swift in Sources */,
				9AC9C51928EB952D003EEE6B /* OnboardingCoordinator.swift in Sources */,
				9A413D3A28ECACCA00D67D0C /* BaseView.swift in Sources */,
				9A413D5128ECE4CD00D67D0C /* VerificationTextField.swift in Sources */,
				9A413D2E28EC9AF400D67D0C /* GetStartedViewModel.swift in Sources */,
				9A413D4328ECD06F00D67D0C /* EnterPhoneNumberView.swift in Sources */,
			);
			runOnlyForDeploymentPostprocessing = 0;
		};
/* End PBXSourcesBuildPhase section */

/* Begin PBXVariantGroup section */
		9AC9C4F728EB9159003EEE6B /* Main.storyboard */ = {
			isa = PBXVariantGroup;
			children = (
				9AC9C4F828EB9159003EEE6B /* Base */,
			);
			name = Main.storyboard;
			sourceTree = "<group>";
		};
		9AC9C4FC28EB915A003EEE6B /* LaunchScreen.storyboard */ = {
			isa = PBXVariantGroup;
			children = (
				9AC9C4FD28EB915A003EEE6B /* Base */,
			);
			name = LaunchScreen.storyboard;
			sourceTree = "<group>";
		};
/* End PBXVariantGroup section */

/* Begin XCBuildConfiguration section */
		9AC9C50028EB915A003EEE6B /* Debug */ = {
			isa = XCBuildConfiguration;
			buildSettings = {
				ALWAYS_SEARCH_USER_PATHS = NO;
				CLANG_ANALYZER_NONNULL = YES;
				CLANG_ANALYZER_NUMBER_OBJECT_CONVERSION = YES_AGGRESSIVE;
				CLANG_CXX_LANGUAGE_STANDARD = "gnu++17";
				CLANG_CXX_LIBRARY = "libc++";
				CLANG_ENABLE_MODULES = YES;
				CLANG_ENABLE_OBJC_ARC = YES;
				CLANG_ENABLE_OBJC_WEAK = YES;
				CLANG_WARN_BLOCK_CAPTURE_AUTORELEASING = YES;
				CLANG_WARN_BOOL_CONVERSION = YES;
				CLANG_WARN_COMMA = YES;
				CLANG_WARN_CONSTANT_CONVERSION = YES;
				CLANG_WARN_DEPRECATED_OBJC_IMPLEMENTATIONS = YES;
				CLANG_WARN_DIRECT_OBJC_ISA_USAGE = YES_ERROR;
				CLANG_WARN_DOCUMENTATION_COMMENTS = YES;
				CLANG_WARN_EMPTY_BODY = YES;
				CLANG_WARN_ENUM_CONVERSION = YES;
				CLANG_WARN_INFINITE_RECURSION = YES;
				CLANG_WARN_INT_CONVERSION = YES;
				CLANG_WARN_NON_LITERAL_NULL_CONVERSION = YES;
				CLANG_WARN_OBJC_IMPLICIT_RETAIN_SELF = YES;
				CLANG_WARN_OBJC_LITERAL_CONVERSION = YES;
				CLANG_WARN_OBJC_ROOT_CLASS = YES_ERROR;
				CLANG_WARN_QUOTED_INCLUDE_IN_FRAMEWORK_HEADER = YES;
				CLANG_WARN_RANGE_LOOP_ANALYSIS = YES;
				CLANG_WARN_STRICT_PROTOTYPES = YES;
				CLANG_WARN_SUSPICIOUS_MOVE = YES;
				CLANG_WARN_UNGUARDED_AVAILABILITY = YES_AGGRESSIVE;
				CLANG_WARN_UNREACHABLE_CODE = YES;
				CLANG_WARN__DUPLICATE_METHOD_MATCH = YES;
				COPY_PHASE_STRIP = NO;
				DEBUG_INFORMATION_FORMAT = dwarf;
				ENABLE_STRICT_OBJC_MSGSEND = YES;
				ENABLE_TESTABILITY = YES;
				GCC_C_LANGUAGE_STANDARD = gnu11;
				GCC_DYNAMIC_NO_PIC = NO;
				GCC_NO_COMMON_BLOCKS = YES;
				GCC_OPTIMIZATION_LEVEL = 0;
				GCC_PREPROCESSOR_DEFINITIONS = (
					"DEBUG=1",
					"$(inherited)",
				);
				GCC_WARN_64_TO_32_BIT_CONVERSION = YES;
				GCC_WARN_ABOUT_RETURN_TYPE = YES_ERROR;
				GCC_WARN_UNDECLARED_SELECTOR = YES;
				GCC_WARN_UNINITIALIZED_AUTOS = YES_AGGRESSIVE;
				GCC_WARN_UNUSED_FUNCTION = YES;
				GCC_WARN_UNUSED_VARIABLE = YES;
				IPHONEOS_DEPLOYMENT_TARGET = 15.0;
				MTL_ENABLE_DEBUG_INFO = INCLUDE_SOURCE;
				MTL_FAST_MATH = YES;
				ONLY_ACTIVE_ARCH = YES;
				SDKROOT = iphoneos;
				SWIFT_ACTIVE_COMPILATION_CONDITIONS = DEBUG;
				SWIFT_OPTIMIZATION_LEVEL = "-Onone";
			};
			name = Debug;
		};
		9AC9C50128EB915A003EEE6B /* Release */ = {
			isa = XCBuildConfiguration;
			buildSettings = {
				ALWAYS_SEARCH_USER_PATHS = NO;
				CLANG_ANALYZER_NONNULL = YES;
				CLANG_ANALYZER_NUMBER_OBJECT_CONVERSION = YES_AGGRESSIVE;
				CLANG_CXX_LANGUAGE_STANDARD = "gnu++17";
				CLANG_CXX_LIBRARY = "libc++";
				CLANG_ENABLE_MODULES = YES;
				CLANG_ENABLE_OBJC_ARC = YES;
				CLANG_ENABLE_OBJC_WEAK = YES;
				CLANG_WARN_BLOCK_CAPTURE_AUTORELEASING = YES;
				CLANG_WARN_BOOL_CONVERSION = YES;
				CLANG_WARN_COMMA = YES;
				CLANG_WARN_CONSTANT_CONVERSION = YES;
				CLANG_WARN_DEPRECATED_OBJC_IMPLEMENTATIONS = YES;
				CLANG_WARN_DIRECT_OBJC_ISA_USAGE = YES_ERROR;
				CLANG_WARN_DOCUMENTATION_COMMENTS = YES;
				CLANG_WARN_EMPTY_BODY = YES;
				CLANG_WARN_ENUM_CONVERSION = YES;
				CLANG_WARN_INFINITE_RECURSION = YES;
				CLANG_WARN_INT_CONVERSION = YES;
				CLANG_WARN_NON_LITERAL_NULL_CONVERSION = YES;
				CLANG_WARN_OBJC_IMPLICIT_RETAIN_SELF = YES;
				CLANG_WARN_OBJC_LITERAL_CONVERSION = YES;
				CLANG_WARN_OBJC_ROOT_CLASS = YES_ERROR;
				CLANG_WARN_QUOTED_INCLUDE_IN_FRAMEWORK_HEADER = YES;
				CLANG_WARN_RANGE_LOOP_ANALYSIS = YES;
				CLANG_WARN_STRICT_PROTOTYPES = YES;
				CLANG_WARN_SUSPICIOUS_MOVE = YES;
				CLANG_WARN_UNGUARDED_AVAILABILITY = YES_AGGRESSIVE;
				CLANG_WARN_UNREACHABLE_CODE = YES;
				CLANG_WARN__DUPLICATE_METHOD_MATCH = YES;
				COPY_PHASE_STRIP = NO;
				DEBUG_INFORMATION_FORMAT = "dwarf-with-dsym";
				ENABLE_NS_ASSERTIONS = NO;
				ENABLE_STRICT_OBJC_MSGSEND = YES;
				GCC_C_LANGUAGE_STANDARD = gnu11;
				GCC_NO_COMMON_BLOCKS = YES;
				GCC_WARN_64_TO_32_BIT_CONVERSION = YES;
				GCC_WARN_ABOUT_RETURN_TYPE = YES_ERROR;
				GCC_WARN_UNDECLARED_SELECTOR = YES;
				GCC_WARN_UNINITIALIZED_AUTOS = YES_AGGRESSIVE;
				GCC_WARN_UNUSED_FUNCTION = YES;
				GCC_WARN_UNUSED_VARIABLE = YES;
				IPHONEOS_DEPLOYMENT_TARGET = 15.0;
				MTL_ENABLE_DEBUG_INFO = NO;
				MTL_FAST_MATH = YES;
				SDKROOT = iphoneos;
				SWIFT_COMPILATION_MODE = wholemodule;
				SWIFT_OPTIMIZATION_LEVEL = "-O";
				VALIDATE_PRODUCT = YES;
			};
			name = Release;
		};
		9AC9C50328EB915A003EEE6B /* Debug */ = {
			isa = XCBuildConfiguration;
			buildSettings = {
				ASSETCATALOG_COMPILER_APPICON_NAME = AppIcon;
				ASSETCATALOG_COMPILER_GLOBAL_ACCENT_COLOR_NAME = AccentColor;
				CODE_SIGN_STYLE = Automatic;
				CURRENT_PROJECT_VERSION = 1;
				GENERATE_INFOPLIST_FILE = YES;
				INFOPLIST_FILE = "Y We Rise/Info.plist";
				INFOPLIST_KEY_UIApplicationSupportsIndirectInputEvents = YES;
				INFOPLIST_KEY_UILaunchStoryboardName = LaunchScreen;
				INFOPLIST_KEY_UIMainStoryboardFile = Main;
				INFOPLIST_KEY_UISupportedInterfaceOrientations = UIInterfaceOrientationPortrait;
				INFOPLIST_KEY_UISupportedInterfaceOrientations_iPad = "UIInterfaceOrientationPortrait UIInterfaceOrientationPortraitUpsideDown UIInterfaceOrientationLandscapeLeft UIInterfaceOrientationLandscapeRight";
				INFOPLIST_KEY_UISupportedInterfaceOrientations_iPhone = "UIInterfaceOrientationPortrait UIInterfaceOrientationLandscapeLeft UIInterfaceOrientationLandscapeRight";
				LD_RUNPATH_SEARCH_PATHS = (
					"$(inherited)",
					"@executable_path/Frameworks",
				);
				MARKETING_VERSION = 1.0;
				PRODUCT_BUNDLE_IDENTIFIER = "com.YWR.Y-We-Rise";
				PRODUCT_NAME = "$(TARGET_NAME)";
				SWIFT_EMIT_LOC_STRINGS = YES;
				SWIFT_VERSION = 5.0;
				TARGETED_DEVICE_FAMILY = 1;
			};
			name = Debug;
		};
		9AC9C50428EB915A003EEE6B /* Release */ = {
			isa = XCBuildConfiguration;
			buildSettings = {
				ASSETCATALOG_COMPILER_APPICON_NAME = AppIcon;
				ASSETCATALOG_COMPILER_GLOBAL_ACCENT_COLOR_NAME = AccentColor;
				CODE_SIGN_STYLE = Automatic;
				CURRENT_PROJECT_VERSION = 1;
				GENERATE_INFOPLIST_FILE = YES;
				INFOPLIST_FILE = "Y We Rise/Info.plist";
				INFOPLIST_KEY_UIApplicationSupportsIndirectInputEvents = YES;
				INFOPLIST_KEY_UILaunchStoryboardName = LaunchScreen;
				INFOPLIST_KEY_UIMainStoryboardFile = Main;
				INFOPLIST_KEY_UISupportedInterfaceOrientations = UIInterfaceOrientationPortrait;
				INFOPLIST_KEY_UISupportedInterfaceOrientations_iPad = "UIInterfaceOrientationPortrait UIInterfaceOrientationPortraitUpsideDown UIInterfaceOrientationLandscapeLeft UIInterfaceOrientationLandscapeRight";
				INFOPLIST_KEY_UISupportedInterfaceOrientations_iPhone = "UIInterfaceOrientationPortrait UIInterfaceOrientationLandscapeLeft UIInterfaceOrientationLandscapeRight";
				LD_RUNPATH_SEARCH_PATHS = (
					"$(inherited)",
					"@executable_path/Frameworks",
				);
				MARKETING_VERSION = 1.0;
				PRODUCT_BUNDLE_IDENTIFIER = "com.YWR.Y-We-Rise";
				PRODUCT_NAME = "$(TARGET_NAME)";
				SWIFT_EMIT_LOC_STRINGS = YES;
				SWIFT_VERSION = 5.0;
				TARGETED_DEVICE_FAMILY = 1;
			};
			name = Release;
		};
/* End XCBuildConfiguration section */

/* Begin XCConfigurationList section */
		9AC9C4E928EB9159003EEE6B /* Build configuration list for PBXProject "Y We Rise" */ = {
			isa = XCConfigurationList;
			buildConfigurations = (
				9AC9C50028EB915A003EEE6B /* Debug */,
				9AC9C50128EB915A003EEE6B /* Release */,
			);
			defaultConfigurationIsVisible = 0;
			defaultConfigurationName = Release;
		};
		9AC9C50228EB915A003EEE6B /* Build configuration list for PBXNativeTarget "Y We Rise" */ = {
			isa = XCConfigurationList;
			buildConfigurations = (
				9AC9C50328EB915A003EEE6B /* Debug */,
				9AC9C50428EB915A003EEE6B /* Release */,
			);
			defaultConfigurationIsVisible = 0;
			defaultConfigurationName = Release;
		};
/* End XCConfigurationList section */

/* Begin XCRemoteSwiftPackageReference section */
		9A413D5228ED2C5F00D67D0C /* XCRemoteSwiftPackageReference "PhoneNumberKit" */ = {
			isa = XCRemoteSwiftPackageReference;
			repositoryURL = "https://github.com/marmelroy/PhoneNumberKit";
			requirement = {
				kind = upToNextMajorVersion;
				minimumVersion = 3.0.0;
			};
		};
/* End XCRemoteSwiftPackageReference section */

/* Begin XCSwiftPackageProductDependency section */
		9A413D5328ED2C5F00D67D0C /* PhoneNumberKit */ = {
			isa = XCSwiftPackageProductDependency;
			package = 9A413D5228ED2C5F00D67D0C /* XCRemoteSwiftPackageReference "PhoneNumberKit" */;
			productName = PhoneNumberKit;
		};
/* End XCSwiftPackageProductDependency section */
	};
	rootObject = 9AC9C4E628EB9159003EEE6B /* Project object */;
}
